// !$*UTF8*$!
{
	archiveVersion = 1;
	classes = {
	};
	objectVersion = 46;
	objects = {

/* Begin PBXBuildFile section */
		3328D6171B46A7BA00704F48 /* SystemConfiguration.framework in Frameworks */ = {isa = PBXBuildFile; fileRef = 3328D6161B46A7BA00704F48 /* SystemConfiguration.framework */; settings = {ATTRIBUTES = (Weak, ); }; };
		3328D61B1B46A99E00704F48 /* resource in Resources */ = {isa = PBXBuildFile; fileRef = A1B5841F1B33331200AD41D9 /* resource */; };
		3328D61E1B46AA2F00704F48 /* Alamofire.framework in Frameworks */ = {isa = PBXBuildFile; fileRef = A126FAEB1B43AC7F009BE576 /* Alamofire.framework */; };
		3328D6201B46AA3B00704F48 /* Alamofire.framework in Copy Files */ = {isa = PBXBuildFile; fileRef = A126FAED1B43AC7F009BE576 /* Alamofire.framework */; settings = {ATTRIBUTES = (CodeSignOnCopy, RemoveHeadersOnCopy, ); }; };
		3331B06E1B7DCF3C006E9BBB /* ShareListViewController.swift in Sources */ = {isa = PBXBuildFile; fileRef = 3331B06D1B7DCF3C006E9BBB /* ShareListViewController.swift */; };
		3331B20F1B7F066C006E9BBB /* AFHTTPRequestOperation.m in Sources */ = {isa = PBXBuildFile; fileRef = 3331B1DE1B7F0628006E9BBB /* AFHTTPRequestOperation.m */; };
		3331B2101B7F066C006E9BBB /* AFHTTPRequestOperationManager.m in Sources */ = {isa = PBXBuildFile; fileRef = 3331B1E01B7F0628006E9BBB /* AFHTTPRequestOperationManager.m */; };
		3331B2111B7F066C006E9BBB /* AFHTTPSessionManager.m in Sources */ = {isa = PBXBuildFile; fileRef = 3331B1E21B7F0628006E9BBB /* AFHTTPSessionManager.m */; };
		3331B2121B7F066C006E9BBB /* AFNetworkReachabilityManager.m in Sources */ = {isa = PBXBuildFile; fileRef = 3331B1E51B7F0628006E9BBB /* AFNetworkReachabilityManager.m */; };
		3331B2131B7F066C006E9BBB /* AFSecurityPolicy.m in Sources */ = {isa = PBXBuildFile; fileRef = 3331B1E71B7F0628006E9BBB /* AFSecurityPolicy.m */; };
		3331B2141B7F066C006E9BBB /* AFURLConnectionOperation.m in Sources */ = {isa = PBXBuildFile; fileRef = 3331B1E91B7F0628006E9BBB /* AFURLConnectionOperation.m */; };
		3331B2151B7F066C006E9BBB /* AFURLRequestSerialization.m in Sources */ = {isa = PBXBuildFile; fileRef = 3331B1EB1B7F0628006E9BBB /* AFURLRequestSerialization.m */; };
		3331B2161B7F066C006E9BBB /* AFURLResponseSerialization.m in Sources */ = {isa = PBXBuildFile; fileRef = 3331B1ED1B7F0628006E9BBB /* AFURLResponseSerialization.m */; };
		3331B2171B7F066C006E9BBB /* AFURLSessionManager.m in Sources */ = {isa = PBXBuildFile; fileRef = 3331B1EF1B7F0628006E9BBB /* AFURLSessionManager.m */; };
		3331B2181B7F066C006E9BBB /* AFNetworkActivityIndicatorManager.m in Sources */ = {isa = PBXBuildFile; fileRef = 3331B1F21B7F0628006E9BBB /* AFNetworkActivityIndicatorManager.m */; };
		3331B2191B7F066C006E9BBB /* UIActivityIndicatorView+AFNetworking.m in Sources */ = {isa = PBXBuildFile; fileRef = 3331B1F41B7F0628006E9BBB /* UIActivityIndicatorView+AFNetworking.m */; };
		3331B21A1B7F066C006E9BBB /* UIAlertView+AFNetworking.m in Sources */ = {isa = PBXBuildFile; fileRef = 3331B1F61B7F0628006E9BBB /* UIAlertView+AFNetworking.m */; };
		3331B21B1B7F066C006E9BBB /* UIButton+AFNetworking.m in Sources */ = {isa = PBXBuildFile; fileRef = 3331B1F81B7F0628006E9BBB /* UIButton+AFNetworking.m */; };
		3331B21C1B7F066C006E9BBB /* UIImageView+AFNetworking.m in Sources */ = {isa = PBXBuildFile; fileRef = 3331B1FA1B7F0628006E9BBB /* UIImageView+AFNetworking.m */; };
		3331B21D1B7F066C006E9BBB /* UIProgressView+AFNetworking.m in Sources */ = {isa = PBXBuildFile; fileRef = 3331B1FD1B7F0628006E9BBB /* UIProgressView+AFNetworking.m */; };
		3331B21E1B7F066C006E9BBB /* UIRefreshControl+AFNetworking.m in Sources */ = {isa = PBXBuildFile; fileRef = 3331B1FF1B7F0628006E9BBB /* UIRefreshControl+AFNetworking.m */; };
		3331B21F1B7F066C006E9BBB /* UIWebView+AFNetworking.m in Sources */ = {isa = PBXBuildFile; fileRef = 3331B2011B7F0628006E9BBB /* UIWebView+AFNetworking.m */; };
		3331B2201B7F066C006E9BBB /* UpYun.m in Sources */ = {isa = PBXBuildFile; fileRef = 3331B2031B7F0628006E9BBB /* UpYun.m */; };
		3331B2211B7F066C006E9BBB /* MF_Base64Additions.m in Sources */ = {isa = PBXBuildFile; fileRef = 3331B2081B7F0628006E9BBB /* MF_Base64Additions.m */; };
		3331B2221B7F066C006E9BBB /* NSData+Utils.m in Sources */ = {isa = PBXBuildFile; fileRef = 3331B20B1B7F0628006E9BBB /* NSData+Utils.m */; };
		3331B2231B7F066C006E9BBB /* NSData+MD5Digest.m in Sources */ = {isa = PBXBuildFile; fileRef = 3331B20E1B7F0628006E9BBB /* NSData+MD5Digest.m */; };
		3331B2251B7F0FB5006E9BBB /* File.swift in Sources */ = {isa = PBXBuildFile; fileRef = 3331B2241B7F0FB5006E9BBB /* File.swift */; };
		334001D21B593F9600153524 /* playlistTableViewCell.swift in Sources */ = {isa = PBXBuildFile; fileRef = 334001D11B593F9600153524 /* playlistTableViewCell.swift */; };
		334156191B5B6CB900DA051D /* TempListTableViewCell.swift in Sources */ = {isa = PBXBuildFile; fileRef = 334156151B5B6CB900DA051D /* TempListTableViewCell.swift */; };
		3341561A1B5B6CB900DA051D /* TempListTableViewController.swift in Sources */ = {isa = PBXBuildFile; fileRef = 334156161B5B6CB900DA051D /* TempListTableViewController.swift */; };
		3341561C1B5B6CB900DA051D /* UGCViewController.swift in Sources */ = {isa = PBXBuildFile; fileRef = 334156181B5B6CB900DA051D /* UGCViewController.swift */; };
		336A1F271B5E607200360293 /* ItunesGuiderViewController.swift in Sources */ = {isa = PBXBuildFile; fileRef = 336A1F261B5E607200360293 /* ItunesGuiderViewController.swift */; };
		336A1F291B5E635B00360293 /* iTunesGuide-images in Resources */ = {isa = PBXBuildFile; fileRef = 336A1F281B5E635B00360293 /* iTunesGuide-images */; };
		336A1F2B1B6383B700360293 /* UploadMessageViewController.swift in Sources */ = {isa = PBXBuildFile; fileRef = 336A1F2A1B6383B700360293 /* UploadMessageViewController.swift */; };
		336A1F351B63E96D00360293 /* UGC.storyboard in Resources */ = {isa = PBXBuildFile; fileRef = 336A1F341B63E96D00360293 /* UGC.storyboard */; };
		336A1F391B64BB1800360293 /* BrowserViewController.swift in Sources */ = {isa = PBXBuildFile; fileRef = 336A1F381B64BB1800360293 /* BrowserViewController.swift */; };
		336A1F3C1B655AEC00360293 /* DownLoadTableViewController.swift in Sources */ = {isa = PBXBuildFile; fileRef = 336A1F3B1B655AEC00360293 /* DownLoadTableViewController.swift */; };
		336A1F3E1B66668E00360293 /* DownLoadTableViewCell.swift in Sources */ = {isa = PBXBuildFile; fileRef = 336A1F3D1B66668E00360293 /* DownLoadTableViewCell.swift */; };
		3371A4231B6A090600C842E0 /* MainScrollViewController.swift in Sources */ = {isa = PBXBuildFile; fileRef = 3371A4221B6A090600C842E0 /* MainScrollViewController.swift */; };
		339A4ECE1B579ABC00E52937 /* PlayListTableViewController.swift in Sources */ = {isa = PBXBuildFile; fileRef = 339A4ECD1B579ABC00E52937 /* PlayListTableViewController.swift */; };
		33A76B751B50E7640010DF0F /* Guide-images in Resources */ = {isa = PBXBuildFile; fileRef = 33A76B741B50E7640010DF0F /* Guide-images */; };
		A126FB041B43C203009BE576 /* DownloaderProtocols.swift in Sources */ = {isa = PBXBuildFile; fileRef = A126FB031B43C203009BE576 /* DownloaderProtocols.swift */; };
		A126FB051B43C203009BE576 /* DownloaderProtocols.swift in Sources */ = {isa = PBXBuildFile; fileRef = A126FB031B43C203009BE576 /* DownloaderProtocols.swift */; };
		A126FB071B43C21F009BE576 /* DownloaderClasses.swift in Sources */ = {isa = PBXBuildFile; fileRef = A126FB061B43C21F009BE576 /* DownloaderClasses.swift */; };
		A126FB081B43C21F009BE576 /* DownloaderClasses.swift in Sources */ = {isa = PBXBuildFile; fileRef = A126FB061B43C21F009BE576 /* DownloaderClasses.swift */; };
		A126FB0D1B468EBE009BE576 /* IJReachability.swift in Sources */ = {isa = PBXBuildFile; fileRef = A126FB0C1B468EBE009BE576 /* IJReachability.swift */; };
		A126FB0E1B468EBE009BE576 /* IJReachability.swift in Sources */ = {isa = PBXBuildFile; fileRef = A126FB0C1B468EBE009BE576 /* IJReachability.swift */; };
		A1A7654B1B46BA1A00C3B6F1 /* userInformationViewController.swift in Sources */ = {isa = PBXBuildFile; fileRef = A1A7654A1B46BA1A00C3B6F1 /* userInformationViewController.swift */; };
		A1A7654E1B46C0EA00C3B6F1 /* AgeCalculator.swift in Sources */ = {isa = PBXBuildFile; fileRef = A1A7654D1B46C0EA00C3B6F1 /* AgeCalculator.swift */; };
		A1A7654F1B46C0EA00C3B6F1 /* AgeCalculator.swift in Sources */ = {isa = PBXBuildFile; fileRef = A1A7654D1B46C0EA00C3B6F1 /* AgeCalculator.swift */; };
		A1A765511B46F33E00C3B6F1 /* CopyBundleFilesToCache.swift in Sources */ = {isa = PBXBuildFile; fileRef = A1A765501B46F33E00C3B6F1 /* CopyBundleFilesToCache.swift */; };
		A1A765521B46F33E00C3B6F1 /* CopyBundleFilesToCache.swift in Sources */ = {isa = PBXBuildFile; fileRef = A1A765501B46F33E00C3B6F1 /* CopyBundleFilesToCache.swift */; };
		A1B583E91B33034900AD41D9 /* AppDelegate.swift in Sources */ = {isa = PBXBuildFile; fileRef = A1B583E81B33034900AD41D9 /* AppDelegate.swift */; };
		A1B583EB1B33034900AD41D9 /* ViewController.swift in Sources */ = {isa = PBXBuildFile; fileRef = A1B583EA1B33034900AD41D9 /* ViewController.swift */; };
		A1B583EE1B33034900AD41D9 /* Main.storyboard in Resources */ = {isa = PBXBuildFile; fileRef = A1B583EC1B33034900AD41D9 /* Main.storyboard */; };
		A1B583F01B33034900AD41D9 /* Images.xcassets in Resources */ = {isa = PBXBuildFile; fileRef = A1B583EF1B33034900AD41D9 /* Images.xcassets */; };
		A1B583F31B33034900AD41D9 /* LaunchScreen.xib in Resources */ = {isa = PBXBuildFile; fileRef = A1B583F11B33034900AD41D9 /* LaunchScreen.xib */; };
		A1B583FF1B33034900AD41D9 /* MP2Tests.swift in Sources */ = {isa = PBXBuildFile; fileRef = A1B583FE1B33034900AD41D9 /* MP2Tests.swift */; };
		A1B5840A1B3303F200AD41D9 /* swiftyJSON.swift in Sources */ = {isa = PBXBuildFile; fileRef = A1B584091B3303F200AD41D9 /* swiftyJSON.swift */; };
		A1B5840B1B3303F200AD41D9 /* swiftyJSON.swift in Sources */ = {isa = PBXBuildFile; fileRef = A1B584091B3303F200AD41D9 /* swiftyJSON.swift */; };
		A1B5840D1B33041700AD41D9 /* Model.swift in Sources */ = {isa = PBXBuildFile; fileRef = A1B5840C1B33041700AD41D9 /* Model.swift */; };
		A1B5840E1B33041700AD41D9 /* Model.swift in Sources */ = {isa = PBXBuildFile; fileRef = A1B5840C1B33041700AD41D9 /* Model.swift */; };
		A1B584111B33045400AD41D9 /* StatusManager.swift in Sources */ = {isa = PBXBuildFile; fileRef = A1B584101B33045400AD41D9 /* StatusManager.swift */; };
		A1B584121B33045400AD41D9 /* StatusManager.swift in Sources */ = {isa = PBXBuildFile; fileRef = A1B584101B33045400AD41D9 /* StatusManager.swift */; };
		A1B584141B3305B800AD41D9 /* Server.swift in Sources */ = {isa = PBXBuildFile; fileRef = A1B584131B3305B800AD41D9 /* Server.swift */; };
		A1B584151B3305B800AD41D9 /* Server.swift in Sources */ = {isa = PBXBuildFile; fileRef = A1B584131B3305B800AD41D9 /* Server.swift */; };
		A1B584171B3307A200AD41D9 /* Status.swift in Sources */ = {isa = PBXBuildFile; fileRef = A1B584161B3307A200AD41D9 /* Status.swift */; };
		A1B584181B3307A200AD41D9 /* Status.swift in Sources */ = {isa = PBXBuildFile; fileRef = A1B584161B3307A200AD41D9 /* Status.swift */; };
		A1B5841A1B332A1400AD41D9 /* PlayerManager.swift in Sources */ = {isa = PBXBuildFile; fileRef = A1B584191B332A1400AD41D9 /* PlayerManager.swift */; };
		A1B5841B1B332A1400AD41D9 /* PlayerManager.swift in Sources */ = {isa = PBXBuildFile; fileRef = A1B584191B332A1400AD41D9 /* PlayerManager.swift */; };
		A1B5841D1B332E9900AD41D9 /* Player.swift in Sources */ = {isa = PBXBuildFile; fileRef = A1B5841C1B332E9900AD41D9 /* Player.swift */; };
		A1B5841E1B332E9900AD41D9 /* Player.swift in Sources */ = {isa = PBXBuildFile; fileRef = A1B5841C1B332E9900AD41D9 /* Player.swift */; };
		A1B584221B33F26700AD41D9 /* ViewManager.swift in Sources */ = {isa = PBXBuildFile; fileRef = A1B584211B33F26700AD41D9 /* ViewManager.swift */; };
		A1B584231B33F26700AD41D9 /* ViewManager.swift in Sources */ = {isa = PBXBuildFile; fileRef = A1B584211B33F26700AD41D9 /* ViewManager.swift */; };
		A1B5842C1B34557300AD41D9 /* NowPlayingInfoCenter.swift in Sources */ = {isa = PBXBuildFile; fileRef = A1B5842B1B34557300AD41D9 /* NowPlayingInfoCenter.swift */; };
		A1B5842D1B34557300AD41D9 /* NowPlayingInfoCenter.swift in Sources */ = {isa = PBXBuildFile; fileRef = A1B5842B1B34557300AD41D9 /* NowPlayingInfoCenter.swift */; };
		A1B5842F1B3480EC00AD41D9 /* Operation.swift in Sources */ = {isa = PBXBuildFile; fileRef = A1B5842E1B3480EC00AD41D9 /* Operation.swift */; };
		A1B584301B3480EC00AD41D9 /* Operation.swift in Sources */ = {isa = PBXBuildFile; fileRef = A1B5842E1B3480EC00AD41D9 /* Operation.swift */; };
		A1B5987A1B4FD92300257DDB /* module.swift in Sources */ = {isa = PBXBuildFile; fileRef = A1B598791B4FD92300257DDB /* module.swift */; };
		A1C99B8B1B481E3400BA3881 /* Reachability.swift in Sources */ = {isa = PBXBuildFile; fileRef = A1C99B8A1B481E3400BA3881 /* Reachability.swift */; };
		A1C99B8C1B481E3400BA3881 /* Reachability.swift in Sources */ = {isa = PBXBuildFile; fileRef = A1C99B8A1B481E3400BA3881 /* Reachability.swift */; };
		A1E321DB1B4FD4360008D265 /* datePickerViewController.swift in Sources */ = {isa = PBXBuildFile; fileRef = A1E321D91B4FD4360008D265 /* datePickerViewController.swift */; };
		A1E321DC1B4FD4360008D265 /* GuideViewController.swift in Sources */ = {isa = PBXBuildFile; fileRef = A1E321DA1B4FD4360008D265 /* GuideViewController.swift */; };
		A1E321DE1B4FD44F0008D265 /* Guide.storyboard in Resources */ = {isa = PBXBuildFile; fileRef = A1E321DD1B4FD44F0008D265 /* Guide.storyboard */; };
/* End PBXBuildFile section */

/* Begin PBXContainerItemProxy section */
		3328D61C1B46A9CF00704F48 /* PBXContainerItemProxy */ = {
			isa = PBXContainerItemProxy;
			containerPortal = A126FAE31B43AC7F009BE576 /* Alamofire.xcodeproj */;
			proxyType = 1;
			remoteGlobalIDString = F8111E3219A95C8B0040E7D1;
			remoteInfo = "Alamofire iOS";
		};
		A126FAEA1B43AC7F009BE576 /* PBXContainerItemProxy */ = {
			isa = PBXContainerItemProxy;
			containerPortal = A126FAE31B43AC7F009BE576 /* Alamofire.xcodeproj */;
			proxyType = 2;
			remoteGlobalIDString = F8111E3319A95C8B0040E7D1;
			remoteInfo = "Alamofire iOS";
		};
		A126FAEC1B43AC7F009BE576 /* PBXContainerItemProxy */ = {
			isa = PBXContainerItemProxy;
			containerPortal = A126FAE31B43AC7F009BE576 /* Alamofire.xcodeproj */;
			proxyType = 2;
			remoteGlobalIDString = 4DD67C0B1A5C55C900ED2280;
			remoteInfo = "Alamofire OSX";
		};
		A126FAEE1B43AC7F009BE576 /* PBXContainerItemProxy */ = {
			isa = PBXContainerItemProxy;
			containerPortal = A126FAE31B43AC7F009BE576 /* Alamofire.xcodeproj */;
			proxyType = 2;
			remoteGlobalIDString = F8111E3E19A95C8B0040E7D1;
			remoteInfo = "Alamofire iOS Tests";
		};
		A126FAF01B43AC7F009BE576 /* PBXContainerItemProxy */ = {
			isa = PBXContainerItemProxy;
			containerPortal = A126FAE31B43AC7F009BE576 /* Alamofire.xcodeproj */;
			proxyType = 2;
			remoteGlobalIDString = F829C6B21A7A94F100A2CD59;
			remoteInfo = "Alamofire OSX Tests";
		};
		A1B583F91B33034900AD41D9 /* PBXContainerItemProxy */ = {
			isa = PBXContainerItemProxy;
			containerPortal = A1B583DB1B33034900AD41D9 /* Project object */;
			proxyType = 1;
			remoteGlobalIDString = A1B583E21B33034900AD41D9;
			remoteInfo = MP2;
		};
/* End PBXContainerItemProxy section */

/* Begin PBXCopyFilesBuildPhase section */
		3328D6111B46A59F00704F48 /* Copy Files */ = {
			isa = PBXCopyFilesBuildPhase;
			buildActionMask = 12;
			dstPath = "";
			dstSubfolderSpec = 10;
			files = (
				3328D6201B46AA3B00704F48 /* Alamofire.framework in Copy Files */,
			);
			name = "Copy Files";
			runOnlyForDeploymentPostprocessing = 0;
		};
		3328D6131B46A5AF00704F48 /* CopyFiles */ = {
			isa = PBXCopyFilesBuildPhase;
			buildActionMask = 2147483647;
			dstPath = "";
			dstSubfolderSpec = 7;
			files = (
			);
			runOnlyForDeploymentPostprocessing = 0;
		};
/* End PBXCopyFilesBuildPhase section */

/* Begin PBXFileReference section */
		3328D6161B46A7BA00704F48 /* SystemConfiguration.framework */ = {isa = PBXFileReference; lastKnownFileType = wrapper.framework; name = SystemConfiguration.framework; path = System/Library/Frameworks/SystemConfiguration.framework; sourceTree = SDKROOT; };
		3331B06D1B7DCF3C006E9BBB /* ShareListViewController.swift */ = {isa = PBXFileReference; fileEncoding = 4; lastKnownFileType = sourcecode.swift; path = ShareListViewController.swift; sourceTree = "<group>"; };
		3331B1D61B7F05E5006E9BBB /* MP2-Bridging-Header.h */ = {isa = PBXFileReference; lastKnownFileType = sourcecode.c.h; path = "MP2-Bridging-Header.h"; sourceTree = SOURCE_ROOT; };
		3331B1DD1B7F0628006E9BBB /* AFHTTPRequestOperation.h */ = {isa = PBXFileReference; lastKnownFileType = sourcecode.c.h; path = AFHTTPRequestOperation.h; sourceTree = "<group>"; };
		3331B1DE1B7F0628006E9BBB /* AFHTTPRequestOperation.m */ = {isa = PBXFileReference; lastKnownFileType = sourcecode.c.objc; path = AFHTTPRequestOperation.m; sourceTree = "<group>"; };
		3331B1DF1B7F0628006E9BBB /* AFHTTPRequestOperationManager.h */ = {isa = PBXFileReference; lastKnownFileType = sourcecode.c.h; path = AFHTTPRequestOperationManager.h; sourceTree = "<group>"; };
		3331B1E01B7F0628006E9BBB /* AFHTTPRequestOperationManager.m */ = {isa = PBXFileReference; lastKnownFileType = sourcecode.c.objc; path = AFHTTPRequestOperationManager.m; sourceTree = "<group>"; };
		3331B1E11B7F0628006E9BBB /* AFHTTPSessionManager.h */ = {isa = PBXFileReference; lastKnownFileType = sourcecode.c.h; path = AFHTTPSessionManager.h; sourceTree = "<group>"; };
		3331B1E21B7F0628006E9BBB /* AFHTTPSessionManager.m */ = {isa = PBXFileReference; lastKnownFileType = sourcecode.c.objc; path = AFHTTPSessionManager.m; sourceTree = "<group>"; };
		3331B1E31B7F0628006E9BBB /* AFNetworking.h */ = {isa = PBXFileReference; lastKnownFileType = sourcecode.c.h; path = AFNetworking.h; sourceTree = "<group>"; };
		3331B1E41B7F0628006E9BBB /* AFNetworkReachabilityManager.h */ = {isa = PBXFileReference; lastKnownFileType = sourcecode.c.h; path = AFNetworkReachabilityManager.h; sourceTree = "<group>"; };
		3331B1E51B7F0628006E9BBB /* AFNetworkReachabilityManager.m */ = {isa = PBXFileReference; lastKnownFileType = sourcecode.c.objc; path = AFNetworkReachabilityManager.m; sourceTree = "<group>"; };
		3331B1E61B7F0628006E9BBB /* AFSecurityPolicy.h */ = {isa = PBXFileReference; lastKnownFileType = sourcecode.c.h; path = AFSecurityPolicy.h; sourceTree = "<group>"; };
		3331B1E71B7F0628006E9BBB /* AFSecurityPolicy.m */ = {isa = PBXFileReference; lastKnownFileType = sourcecode.c.objc; path = AFSecurityPolicy.m; sourceTree = "<group>"; };
		3331B1E81B7F0628006E9BBB /* AFURLConnectionOperation.h */ = {isa = PBXFileReference; lastKnownFileType = sourcecode.c.h; path = AFURLConnectionOperation.h; sourceTree = "<group>"; };
		3331B1E91B7F0628006E9BBB /* AFURLConnectionOperation.m */ = {isa = PBXFileReference; lastKnownFileType = sourcecode.c.objc; path = AFURLConnectionOperation.m; sourceTree = "<group>"; };
		3331B1EA1B7F0628006E9BBB /* AFURLRequestSerialization.h */ = {isa = PBXFileReference; lastKnownFileType = sourcecode.c.h; path = AFURLRequestSerialization.h; sourceTree = "<group>"; };
		3331B1EB1B7F0628006E9BBB /* AFURLRequestSerialization.m */ = {isa = PBXFileReference; lastKnownFileType = sourcecode.c.objc; path = AFURLRequestSerialization.m; sourceTree = "<group>"; };
		3331B1EC1B7F0628006E9BBB /* AFURLResponseSerialization.h */ = {isa = PBXFileReference; lastKnownFileType = sourcecode.c.h; path = AFURLResponseSerialization.h; sourceTree = "<group>"; };
		3331B1ED1B7F0628006E9BBB /* AFURLResponseSerialization.m */ = {isa = PBXFileReference; lastKnownFileType = sourcecode.c.objc; path = AFURLResponseSerialization.m; sourceTree = "<group>"; };
		3331B1EE1B7F0628006E9BBB /* AFURLSessionManager.h */ = {isa = PBXFileReference; lastKnownFileType = sourcecode.c.h; path = AFURLSessionManager.h; sourceTree = "<group>"; };
		3331B1EF1B7F0628006E9BBB /* AFURLSessionManager.m */ = {isa = PBXFileReference; lastKnownFileType = sourcecode.c.objc; path = AFURLSessionManager.m; sourceTree = "<group>"; };
		3331B1F11B7F0628006E9BBB /* AFNetworkActivityIndicatorManager.h */ = {isa = PBXFileReference; lastKnownFileType = sourcecode.c.h; path = AFNetworkActivityIndicatorManager.h; sourceTree = "<group>"; };
		3331B1F21B7F0628006E9BBB /* AFNetworkActivityIndicatorManager.m */ = {isa = PBXFileReference; lastKnownFileType = sourcecode.c.objc; path = AFNetworkActivityIndicatorManager.m; sourceTree = "<group>"; };
		3331B1F31B7F0628006E9BBB /* UIActivityIndicatorView+AFNetworking.h */ = {isa = PBXFileReference; lastKnownFileType = sourcecode.c.h; path = "UIActivityIndicatorView+AFNetworking.h"; sourceTree = "<group>"; };
		3331B1F41B7F0628006E9BBB /* UIActivityIndicatorView+AFNetworking.m */ = {isa = PBXFileReference; lastKnownFileType = sourcecode.c.objc; path = "UIActivityIndicatorView+AFNetworking.m"; sourceTree = "<group>"; };
		3331B1F51B7F0628006E9BBB /* UIAlertView+AFNetworking.h */ = {isa = PBXFileReference; lastKnownFileType = sourcecode.c.h; path = "UIAlertView+AFNetworking.h"; sourceTree = "<group>"; };
		3331B1F61B7F0628006E9BBB /* UIAlertView+AFNetworking.m */ = {isa = PBXFileReference; lastKnownFileType = sourcecode.c.objc; path = "UIAlertView+AFNetworking.m"; sourceTree = "<group>"; };
		3331B1F71B7F0628006E9BBB /* UIButton+AFNetworking.h */ = {isa = PBXFileReference; lastKnownFileType = sourcecode.c.h; path = "UIButton+AFNetworking.h"; sourceTree = "<group>"; };
		3331B1F81B7F0628006E9BBB /* UIButton+AFNetworking.m */ = {isa = PBXFileReference; lastKnownFileType = sourcecode.c.objc; path = "UIButton+AFNetworking.m"; sourceTree = "<group>"; };
		3331B1F91B7F0628006E9BBB /* UIImageView+AFNetworking.h */ = {isa = PBXFileReference; lastKnownFileType = sourcecode.c.h; path = "UIImageView+AFNetworking.h"; sourceTree = "<group>"; };
		3331B1FA1B7F0628006E9BBB /* UIImageView+AFNetworking.m */ = {isa = PBXFileReference; lastKnownFileType = sourcecode.c.objc; path = "UIImageView+AFNetworking.m"; sourceTree = "<group>"; };
		3331B1FB1B7F0628006E9BBB /* UIKit+AFNetworking.h */ = {isa = PBXFileReference; lastKnownFileType = sourcecode.c.h; path = "UIKit+AFNetworking.h"; sourceTree = "<group>"; };
		3331B1FC1B7F0628006E9BBB /* UIProgressView+AFNetworking.h */ = {isa = PBXFileReference; lastKnownFileType = sourcecode.c.h; path = "UIProgressView+AFNetworking.h"; sourceTree = "<group>"; };
		3331B1FD1B7F0628006E9BBB /* UIProgressView+AFNetworking.m */ = {isa = PBXFileReference; lastKnownFileType = sourcecode.c.objc; path = "UIProgressView+AFNetworking.m"; sourceTree = "<group>"; };
		3331B1FE1B7F0628006E9BBB /* UIRefreshControl+AFNetworking.h */ = {isa = PBXFileReference; lastKnownFileType = sourcecode.c.h; path = "UIRefreshControl+AFNetworking.h"; sourceTree = "<group>"; };
		3331B1FF1B7F0628006E9BBB /* UIRefreshControl+AFNetworking.m */ = {isa = PBXFileReference; lastKnownFileType = sourcecode.c.objc; path = "UIRefreshControl+AFNetworking.m"; sourceTree = "<group>"; };
		3331B2001B7F0628006E9BBB /* UIWebView+AFNetworking.h */ = {isa = PBXFileReference; lastKnownFileType = sourcecode.c.h; path = "UIWebView+AFNetworking.h"; sourceTree = "<group>"; };
		3331B2011B7F0628006E9BBB /* UIWebView+AFNetworking.m */ = {isa = PBXFileReference; lastKnownFileType = sourcecode.c.objc; path = "UIWebView+AFNetworking.m"; sourceTree = "<group>"; };
		3331B2021B7F0628006E9BBB /* UpYun.h */ = {isa = PBXFileReference; lastKnownFileType = sourcecode.c.h; path = UpYun.h; sourceTree = "<group>"; };
		3331B2031B7F0628006E9BBB /* UpYun.m */ = {isa = PBXFileReference; lastKnownFileType = sourcecode.c.objc; path = UpYun.m; sourceTree = "<group>"; };
		3331B2041B7F0628006E9BBB /* UpYunSDK2.0-Prefix.pch */ = {isa = PBXFileReference; lastKnownFileType = sourcecode.c.h; path = "UpYunSDK2.0-Prefix.pch"; sourceTree = "<group>"; };
		3331B2071B7F0628006E9BBB /* MF_Base64Additions.h */ = {isa = PBXFileReference; lastKnownFileType = sourcecode.c.h; path = MF_Base64Additions.h; sourceTree = "<group>"; };
		3331B2081B7F0628006E9BBB /* MF_Base64Additions.m */ = {isa = PBXFileReference; lastKnownFileType = sourcecode.c.objc; path = MF_Base64Additions.m; sourceTree = "<group>"; };
		3331B20A1B7F0628006E9BBB /* NSData+Utils.h */ = {isa = PBXFileReference; lastKnownFileType = sourcecode.c.h; path = "NSData+Utils.h"; sourceTree = "<group>"; };
		3331B20B1B7F0628006E9BBB /* NSData+Utils.m */ = {isa = PBXFileReference; lastKnownFileType = sourcecode.c.objc; path = "NSData+Utils.m"; sourceTree = "<group>"; };
		3331B20D1B7F0628006E9BBB /* NSData+MD5Digest.h */ = {isa = PBXFileReference; lastKnownFileType = sourcecode.c.h; path = "NSData+MD5Digest.h"; sourceTree = "<group>"; };
		3331B20E1B7F0628006E9BBB /* NSData+MD5Digest.m */ = {isa = PBXFileReference; lastKnownFileType = sourcecode.c.objc; path = "NSData+MD5Digest.m"; sourceTree = "<group>"; };
		3331B2241B7F0FB5006E9BBB /* File.swift */ = {isa = PBXFileReference; fileEncoding = 4; lastKnownFileType = sourcecode.swift; path = File.swift; sourceTree = "<group>"; };
		334001D11B593F9600153524 /* playlistTableViewCell.swift */ = {isa = PBXFileReference; fileEncoding = 4; lastKnownFileType = sourcecode.swift; path = playlistTableViewCell.swift; sourceTree = "<group>"; };
		334156151B5B6CB900DA051D /* TempListTableViewCell.swift */ = {isa = PBXFileReference; lastKnownFileType = sourcecode.swift; path = TempListTableViewCell.swift; sourceTree = "<group>"; };
		334156161B5B6CB900DA051D /* TempListTableViewController.swift */ = {isa = PBXFileReference; lastKnownFileType = sourcecode.swift; path = TempListTableViewController.swift; sourceTree = "<group>"; };
		334156181B5B6CB900DA051D /* UGCViewController.swift */ = {isa = PBXFileReference; lastKnownFileType = sourcecode.swift; path = UGCViewController.swift; sourceTree = "<group>"; };
		336A1F261B5E607200360293 /* ItunesGuiderViewController.swift */ = {isa = PBXFileReference; fileEncoding = 4; lastKnownFileType = sourcecode.swift; path = ItunesGuiderViewController.swift; sourceTree = "<group>"; };
		336A1F281B5E635B00360293 /* iTunesGuide-images */ = {isa = PBXFileReference; lastKnownFileType = folder; path = "iTunesGuide-images"; sourceTree = "<group>"; };
		336A1F2A1B6383B700360293 /* UploadMessageViewController.swift */ = {isa = PBXFileReference; fileEncoding = 4; lastKnownFileType = sourcecode.swift; path = UploadMessageViewController.swift; sourceTree = "<group>"; };
		336A1F341B63E96D00360293 /* UGC.storyboard */ = {isa = PBXFileReference; lastKnownFileType = file.storyboard; path = UGC.storyboard; sourceTree = "<group>"; };
		336A1F381B64BB1800360293 /* BrowserViewController.swift */ = {isa = PBXFileReference; fileEncoding = 4; lastKnownFileType = sourcecode.swift; path = BrowserViewController.swift; sourceTree = "<group>"; };
		336A1F3B1B655AEC00360293 /* DownLoadTableViewController.swift */ = {isa = PBXFileReference; fileEncoding = 4; lastKnownFileType = sourcecode.swift; path = DownLoadTableViewController.swift; sourceTree = "<group>"; };
		336A1F3D1B66668E00360293 /* DownLoadTableViewCell.swift */ = {isa = PBXFileReference; fileEncoding = 4; lastKnownFileType = sourcecode.swift; path = DownLoadTableViewCell.swift; sourceTree = "<group>"; };
		3371A4221B6A090600C842E0 /* MainScrollViewController.swift */ = {isa = PBXFileReference; fileEncoding = 4; lastKnownFileType = sourcecode.swift; path = MainScrollViewController.swift; sourceTree = "<group>"; };
		339A4ECD1B579ABC00E52937 /* PlayListTableViewController.swift */ = {isa = PBXFileReference; fileEncoding = 4; lastKnownFileType = sourcecode.swift; path = PlayListTableViewController.swift; sourceTree = "<group>"; };
		339A4ED41B581F4100E52937 /* en */ = {isa = PBXFileReference; lastKnownFileType = text.plist.strings; name = en; path = en.lproj/Main.strings; sourceTree = "<group>"; };
		33A76B741B50E7640010DF0F /* Guide-images */ = {isa = PBXFileReference; lastKnownFileType = folder; path = "Guide-images"; sourceTree = "<group>"; };
		A126FAE31B43AC7F009BE576 /* Alamofire.xcodeproj */ = {isa = PBXFileReference; lastKnownFileType = "wrapper.pb-project"; name = Alamofire.xcodeproj; path = Alamofire/Alamofire.xcodeproj; sourceTree = "<group>"; };
		A126FB031B43C203009BE576 /* DownloaderProtocols.swift */ = {isa = PBXFileReference; fileEncoding = 4; lastKnownFileType = sourcecode.swift; name = DownloaderProtocols.swift; path = Downloader/DownloaderProtocols.swift; sourceTree = "<group>"; };
		A126FB061B43C21F009BE576 /* DownloaderClasses.swift */ = {isa = PBXFileReference; fileEncoding = 4; lastKnownFileType = sourcecode.swift; name = DownloaderClasses.swift; path = Downloader/DownloaderClasses.swift; sourceTree = "<group>"; };
		A126FB0C1B468EBE009BE576 /* IJReachability.swift */ = {isa = PBXFileReference; fileEncoding = 4; lastKnownFileType = sourcecode.swift; name = IJReachability.swift; path = lib/IJReachability.swift; sourceTree = "<group>"; };
		A1A7654A1B46BA1A00C3B6F1 /* userInformationViewController.swift */ = {isa = PBXFileReference; fileEncoding = 4; lastKnownFileType = sourcecode.swift; path = userInformationViewController.swift; sourceTree = "<group>"; };
		A1A7654D1B46C0EA00C3B6F1 /* AgeCalculator.swift */ = {isa = PBXFileReference; fileEncoding = 4; lastKnownFileType = sourcecode.swift; name = AgeCalculator.swift; path = lib/AgeCalculator.swift; sourceTree = SOURCE_ROOT; };
		A1A765501B46F33E00C3B6F1 /* CopyBundleFilesToCache.swift */ = {isa = PBXFileReference; fileEncoding = 4; lastKnownFileType = sourcecode.swift; name = CopyBundleFilesToCache.swift; path = lib/CopyBundleFilesToCache.swift; sourceTree = "<group>"; };
		A1B583E31B33034900AD41D9 /* MP2.app */ = {isa = PBXFileReference; explicitFileType = wrapper.application; includeInIndex = 0; path = MP2.app; sourceTree = BUILT_PRODUCTS_DIR; };
		A1B583E71B33034900AD41D9 /* Info.plist */ = {isa = PBXFileReference; lastKnownFileType = text.plist.xml; path = Info.plist; sourceTree = "<group>"; };
		A1B583E81B33034900AD41D9 /* AppDelegate.swift */ = {isa = PBXFileReference; lastKnownFileType = sourcecode.swift; path = AppDelegate.swift; sourceTree = "<group>"; };
		A1B583EA1B33034900AD41D9 /* ViewController.swift */ = {isa = PBXFileReference; lastKnownFileType = sourcecode.swift; path = ViewController.swift; sourceTree = "<group>"; };
		A1B583ED1B33034900AD41D9 /* Base */ = {isa = PBXFileReference; lastKnownFileType = file.storyboard; name = Base; path = Base.lproj/Main.storyboard; sourceTree = "<group>"; };
		A1B583EF1B33034900AD41D9 /* Images.xcassets */ = {isa = PBXFileReference; lastKnownFileType = folder.assetcatalog; path = Images.xcassets; sourceTree = "<group>"; };
		A1B583F21B33034900AD41D9 /* Base */ = {isa = PBXFileReference; lastKnownFileType = file.xib; name = Base; path = Base.lproj/LaunchScreen.xib; sourceTree = "<group>"; };
		A1B583F81B33034900AD41D9 /* MP2Tests.xctest */ = {isa = PBXFileReference; explicitFileType = wrapper.cfbundle; includeInIndex = 0; path = MP2Tests.xctest; sourceTree = BUILT_PRODUCTS_DIR; };
		A1B583FD1B33034900AD41D9 /* Info.plist */ = {isa = PBXFileReference; lastKnownFileType = text.plist.xml; path = Info.plist; sourceTree = "<group>"; };
		A1B583FE1B33034900AD41D9 /* MP2Tests.swift */ = {isa = PBXFileReference; lastKnownFileType = sourcecode.swift; path = MP2Tests.swift; sourceTree = "<group>"; };
		A1B584091B3303F200AD41D9 /* swiftyJSON.swift */ = {isa = PBXFileReference; fileEncoding = 4; lastKnownFileType = sourcecode.swift; name = swiftyJSON.swift; path = lib/swiftyJSON.swift; sourceTree = "<group>"; };
		A1B5840C1B33041700AD41D9 /* Model.swift */ = {isa = PBXFileReference; fileEncoding = 4; lastKnownFileType = sourcecode.swift; name = Model.swift; path = protocol/Model.swift; sourceTree = "<group>"; };
		A1B584101B33045400AD41D9 /* StatusManager.swift */ = {isa = PBXFileReference; fileEncoding = 4; lastKnownFileType = sourcecode.swift; name = StatusManager.swift; path = protocol/StatusManager.swift; sourceTree = "<group>"; };
		A1B584131B3305B800AD41D9 /* Server.swift */ = {isa = PBXFileReference; fileEncoding = 4; lastKnownFileType = sourcecode.swift; path = Server.swift; sourceTree = "<group>"; };
		A1B584161B3307A200AD41D9 /* Status.swift */ = {isa = PBXFileReference; fileEncoding = 4; lastKnownFileType = sourcecode.swift; path = Status.swift; sourceTree = "<group>"; };
		A1B584191B332A1400AD41D9 /* PlayerManager.swift */ = {isa = PBXFileReference; fileEncoding = 4; lastKnownFileType = sourcecode.swift; name = PlayerManager.swift; path = protocol/PlayerManager.swift; sourceTree = "<group>"; };
		A1B5841C1B332E9900AD41D9 /* Player.swift */ = {isa = PBXFileReference; fileEncoding = 4; lastKnownFileType = sourcecode.swift; path = Player.swift; sourceTree = "<group>"; };
		A1B5841F1B33331200AD41D9 /* resource */ = {isa = PBXFileReference; lastKnownFileType = folder; name = resource; path = MP2/resource; sourceTree = "<group>"; };
		A1B584211B33F26700AD41D9 /* ViewManager.swift */ = {isa = PBXFileReference; fileEncoding = 4; lastKnownFileType = sourcecode.swift; name = ViewManager.swift; path = protocol/ViewManager.swift; sourceTree = "<group>"; };
		A1B5842B1B34557300AD41D9 /* NowPlayingInfoCenter.swift */ = {isa = PBXFileReference; fileEncoding = 4; lastKnownFileType = sourcecode.swift; path = NowPlayingInfoCenter.swift; sourceTree = "<group>"; };
		A1B5842E1B3480EC00AD41D9 /* Operation.swift */ = {isa = PBXFileReference; fileEncoding = 4; lastKnownFileType = sourcecode.swift; path = Operation.swift; sourceTree = "<group>"; };
		A1B598791B4FD92300257DDB /* module.swift */ = {isa = PBXFileReference; fileEncoding = 4; lastKnownFileType = sourcecode.swift; name = module.swift; path = protocol/module.swift; sourceTree = "<group>"; };
		A1C99B8A1B481E3400BA3881 /* Reachability.swift */ = {isa = PBXFileReference; fileEncoding = 4; lastKnownFileType = sourcecode.swift; name = Reachability.swift; path = lib/Reachability.swift; sourceTree = "<group>"; };
		A1E321D91B4FD4360008D265 /* datePickerViewController.swift */ = {isa = PBXFileReference; lastKnownFileType = sourcecode.swift; name = datePickerViewController.swift; path = Guide/datePickerViewController.swift; sourceTree = "<group>"; };
		A1E321DA1B4FD4360008D265 /* GuideViewController.swift */ = {isa = PBXFileReference; lastKnownFileType = sourcecode.swift; name = GuideViewController.swift; path = Guide/GuideViewController.swift; sourceTree = "<group>"; };
		A1E321DD1B4FD44F0008D265 /* Guide.storyboard */ = {isa = PBXFileReference; lastKnownFileType = file.storyboard; name = Guide.storyboard; path = Guide/Guide.storyboard; sourceTree = "<group>"; };
/* End PBXFileReference section */

/* Begin PBXFrameworksBuildPhase section */
		A1B583E01B33034900AD41D9 /* Frameworks */ = {
			isa = PBXFrameworksBuildPhase;
			buildActionMask = 2147483647;
			files = (
				3328D61E1B46AA2F00704F48 /* Alamofire.framework in Frameworks */,
				3328D6171B46A7BA00704F48 /* SystemConfiguration.framework in Frameworks */,
			);
			runOnlyForDeploymentPostprocessing = 0;
		};
		A1B583F51B33034900AD41D9 /* Frameworks */ = {
			isa = PBXFrameworksBuildPhase;
			buildActionMask = 2147483647;
			files = (
			);
			runOnlyForDeploymentPostprocessing = 0;
		};
/* End PBXFrameworksBuildPhase section */

/* Begin PBXGroup section */
		3331B1DA1B7F0628006E9BBB /* UpYunSDK2.0 */ = {
			isa = PBXGroup;
			children = (
				3331B1DB1B7F0628006E9BBB /* AFNetworking */,
				3331B2021B7F0628006E9BBB /* UpYun.h */,
				3331B2031B7F0628006E9BBB /* UpYun.m */,
				3331B2041B7F0628006E9BBB /* UpYunSDK2.0-Prefix.pch */,
				3331B2051B7F0628006E9BBB /* Utils */,
			);
			path = UpYunSDK2.0;
			sourceTree = "<group>";
		};
		3331B1DB1B7F0628006E9BBB /* AFNetworking */ = {
			isa = PBXGroup;
			children = (
				3331B1DC1B7F0628006E9BBB /* AFNetworking */,
				3331B1F01B7F0628006E9BBB /* UIKit+AFNetworking */,
			);
			path = AFNetworking;
			sourceTree = "<group>";
		};
		3331B1DC1B7F0628006E9BBB /* AFNetworking */ = {
			isa = PBXGroup;
			children = (
				3331B1DD1B7F0628006E9BBB /* AFHTTPRequestOperation.h */,
				3331B1DE1B7F0628006E9BBB /* AFHTTPRequestOperation.m */,
				3331B1DF1B7F0628006E9BBB /* AFHTTPRequestOperationManager.h */,
				3331B1E01B7F0628006E9BBB /* AFHTTPRequestOperationManager.m */,
				3331B1E11B7F0628006E9BBB /* AFHTTPSessionManager.h */,
				3331B1E21B7F0628006E9BBB /* AFHTTPSessionManager.m */,
				3331B1E31B7F0628006E9BBB /* AFNetworking.h */,
				3331B1E41B7F0628006E9BBB /* AFNetworkReachabilityManager.h */,
				3331B1E51B7F0628006E9BBB /* AFNetworkReachabilityManager.m */,
				3331B1E61B7F0628006E9BBB /* AFSecurityPolicy.h */,
				3331B1E71B7F0628006E9BBB /* AFSecurityPolicy.m */,
				3331B1E81B7F0628006E9BBB /* AFURLConnectionOperation.h */,
				3331B1E91B7F0628006E9BBB /* AFURLConnectionOperation.m */,
				3331B1EA1B7F0628006E9BBB /* AFURLRequestSerialization.h */,
				3331B1EB1B7F0628006E9BBB /* AFURLRequestSerialization.m */,
				3331B1EC1B7F0628006E9BBB /* AFURLResponseSerialization.h */,
				3331B1ED1B7F0628006E9BBB /* AFURLResponseSerialization.m */,
				3331B1EE1B7F0628006E9BBB /* AFURLSessionManager.h */,
				3331B1EF1B7F0628006E9BBB /* AFURLSessionManager.m */,
			);
			path = AFNetworking;
			sourceTree = "<group>";
		};
		3331B1F01B7F0628006E9BBB /* UIKit+AFNetworking */ = {
			isa = PBXGroup;
			children = (
				3331B1F11B7F0628006E9BBB /* AFNetworkActivityIndicatorManager.h */,
				3331B1F21B7F0628006E9BBB /* AFNetworkActivityIndicatorManager.m */,
				3331B1F31B7F0628006E9BBB /* UIActivityIndicatorView+AFNetworking.h */,
				3331B1F41B7F0628006E9BBB /* UIActivityIndicatorView+AFNetworking.m */,
				3331B1F51B7F0628006E9BBB /* UIAlertView+AFNetworking.h */,
				3331B1F61B7F0628006E9BBB /* UIAlertView+AFNetworking.m */,
				3331B1F71B7F0628006E9BBB /* UIButton+AFNetworking.h */,
				3331B1F81B7F0628006E9BBB /* UIButton+AFNetworking.m */,
				3331B1F91B7F0628006E9BBB /* UIImageView+AFNetworking.h */,
				3331B1FA1B7F0628006E9BBB /* UIImageView+AFNetworking.m */,
				3331B1FB1B7F0628006E9BBB /* UIKit+AFNetworking.h */,
				3331B1FC1B7F0628006E9BBB /* UIProgressView+AFNetworking.h */,
				3331B1FD1B7F0628006E9BBB /* UIProgressView+AFNetworking.m */,
				3331B1FE1B7F0628006E9BBB /* UIRefreshControl+AFNetworking.h */,
				3331B1FF1B7F0628006E9BBB /* UIRefreshControl+AFNetworking.m */,
				3331B2001B7F0628006E9BBB /* UIWebView+AFNetworking.h */,
				3331B2011B7F0628006E9BBB /* UIWebView+AFNetworking.m */,
			);
			path = "UIKit+AFNetworking";
			sourceTree = "<group>";
		};
		3331B2051B7F0628006E9BBB /* Utils */ = {
			isa = PBXGroup;
			children = (
				3331B2061B7F0628006E9BBB /* Base64 */,
				3331B2091B7F0628006E9BBB /* Data */,
				3331B20C1B7F0628006E9BBB /* NSData+MD5Digest */,
			);
			path = Utils;
			sourceTree = "<group>";
		};
		3331B2061B7F0628006E9BBB /* Base64 */ = {
			isa = PBXGroup;
			children = (
				3331B2071B7F0628006E9BBB /* MF_Base64Additions.h */,
				3331B2081B7F0628006E9BBB /* MF_Base64Additions.m */,
			);
			path = Base64;
			sourceTree = "<group>";
		};
		3331B2091B7F0628006E9BBB /* Data */ = {
			isa = PBXGroup;
			children = (
				3331B20A1B7F0628006E9BBB /* NSData+Utils.h */,
				3331B20B1B7F0628006E9BBB /* NSData+Utils.m */,
			);
			path = Data;
			sourceTree = "<group>";
		};
		3331B20C1B7F0628006E9BBB /* NSData+MD5Digest */ = {
			isa = PBXGroup;
			children = (
				3331B20D1B7F0628006E9BBB /* NSData+MD5Digest.h */,
				3331B20E1B7F0628006E9BBB /* NSData+MD5Digest.m */,
			);
			path = "NSData+MD5Digest";
			sourceTree = "<group>";
		};
		334156201B5B6CD000DA051D /* UGC */ = {
			isa = PBXGroup;
			children = (
				336A1F281B5E635B00360293 /* iTunesGuide-images */,
				336A1F341B63E96D00360293 /* UGC.storyboard */,
				3331B06D1B7DCF3C006E9BBB /* ShareListViewController.swift */,
				336A1F3D1B66668E00360293 /* DownLoadTableViewCell.swift */,
				336A1F3B1B655AEC00360293 /* DownLoadTableViewController.swift */,
				336A1F381B64BB1800360293 /* BrowserViewController.swift */,
				336A1F261B5E607200360293 /* ItunesGuiderViewController.swift */,
				334156151B5B6CB900DA051D /* TempListTableViewCell.swift */,
				334156161B5B6CB900DA051D /* TempListTableViewController.swift */,
				336A1F2A1B6383B700360293 /* UploadMessageViewController.swift */,
				334156181B5B6CB900DA051D /* UGCViewController.swift */,
			);
			name = UGC;
			sourceTree = "<group>";
		};
		A126FAE41B43AC7F009BE576 /* Products */ = {
			isa = PBXGroup;
			children = (
				A126FAEB1B43AC7F009BE576 /* Alamofire.framework */,
				A126FAED1B43AC7F009BE576 /* Alamofire.framework */,
				A126FAEF1B43AC7F009BE576 /* Alamofire iOS Tests.xctest */,
				A126FAF11B43AC7F009BE576 /* Alamofire OSX Tests.xctest */,
			);
			name = Products;
			sourceTree = "<group>";
		};
		A126FB091B43C2CB009BE576 /* Downloader */ = {
			isa = PBXGroup;
			children = (
				A126FB061B43C21F009BE576 /* DownloaderClasses.swift */,
				A126FB031B43C203009BE576 /* DownloaderProtocols.swift */,
			);
			name = Downloader;
			sourceTree = "<group>";
		};
		A1B583DA1B33034900AD41D9 = {
			isa = PBXGroup;
			children = (
				3331B1DA1B7F0628006E9BBB /* UpYunSDK2.0 */,
				334156201B5B6CD000DA051D /* UGC */,
				A1E321E11B4FD4810008D265 /* Guide */,
				3328D6161B46A7BA00704F48 /* SystemConfiguration.framework */,
				A126FB0C1B468EBE009BE576 /* IJReachability.swift */,
				A126FB091B43C2CB009BE576 /* Downloader */,
				A126FAE31B43AC7F009BE576 /* Alamofire.xcodeproj */,
				A1B5841F1B33331200AD41D9 /* resource */,
				A1B583E51B33034900AD41D9 /* MP2 */,
				A1B583FB1B33034900AD41D9 /* MP2Tests */,
				A1B583E41B33034900AD41D9 /* Products */,
			);
			sourceTree = "<group>";
		};
		A1B583E41B33034900AD41D9 /* Products */ = {
			isa = PBXGroup;
			children = (
				A1B583E31B33034900AD41D9 /* MP2.app */,
				A1B583F81B33034900AD41D9 /* MP2Tests.xctest */,
			);
			name = Products;
			sourceTree = "<group>";
		};
		A1B583E51B33034900AD41D9 /* MP2 */ = {
			isa = PBXGroup;
			children = (
				A1B5840F1B33043500AD41D9 /* protocol */,
				A1B584081B3303D700AD41D9 /* lib */,
				A1B583E81B33034900AD41D9 /* AppDelegate.swift */,
				A1B583EA1B33034900AD41D9 /* ViewController.swift */,
				339A4ECD1B579ABC00E52937 /* PlayListTableViewController.swift */,
				334001D11B593F9600153524 /* playlistTableViewCell.swift */,
				3371A4221B6A090600C842E0 /* MainScrollViewController.swift */,
				A1B583EC1B33034900AD41D9 /* Main.storyboard */,
				A1B583EF1B33034900AD41D9 /* Images.xcassets */,
				A1B583F11B33034900AD41D9 /* LaunchScreen.xib */,
				A1B583E61B33034900AD41D9 /* Supporting Files */,
				A1B584131B3305B800AD41D9 /* Server.swift */,
				A1B584161B3307A200AD41D9 /* Status.swift */,
				A1B5841C1B332E9900AD41D9 /* Player.swift */,
				A1B5842B1B34557300AD41D9 /* NowPlayingInfoCenter.swift */,
				A1A7654A1B46BA1A00C3B6F1 /* userInformationViewController.swift */,
				3331B2241B7F0FB5006E9BBB /* File.swift */,
			);
			path = MP2;
			sourceTree = "<group>";
		};
		A1B583E61B33034900AD41D9 /* Supporting Files */ = {
			isa = PBXGroup;
			children = (
				3331B1D61B7F05E5006E9BBB /* MP2-Bridging-Header.h */,
				A1B583E71B33034900AD41D9 /* Info.plist */,
			);
			name = "Supporting Files";
			sourceTree = "<group>";
		};
		A1B583FB1B33034900AD41D9 /* MP2Tests */ = {
			isa = PBXGroup;
			children = (
				A1B583FE1B33034900AD41D9 /* MP2Tests.swift */,
				A1B583FC1B33034900AD41D9 /* Supporting Files */,
			);
			path = MP2Tests;
			sourceTree = "<group>";
		};
		A1B583FC1B33034900AD41D9 /* Supporting Files */ = {
			isa = PBXGroup;
			children = (
				A1B583FD1B33034900AD41D9 /* Info.plist */,
			);
			name = "Supporting Files";
			sourceTree = "<group>";
		};
		A1B584081B3303D700AD41D9 /* lib */ = {
			isa = PBXGroup;
			children = (
				A1B584091B3303F200AD41D9 /* swiftyJSON.swift */,
				A1A7654D1B46C0EA00C3B6F1 /* AgeCalculator.swift */,
				A1A765501B46F33E00C3B6F1 /* CopyBundleFilesToCache.swift */,
				A1C99B8A1B481E3400BA3881 /* Reachability.swift */,
			);
			name = lib;
			sourceTree = "<group>";
		};
		A1B5840F1B33043500AD41D9 /* protocol */ = {
			isa = PBXGroup;
			children = (
				A1B5840C1B33041700AD41D9 /* Model.swift */,
				A1B584101B33045400AD41D9 /* StatusManager.swift */,
				A1B584191B332A1400AD41D9 /* PlayerManager.swift */,
				A1B584211B33F26700AD41D9 /* ViewManager.swift */,
				A1B5842E1B3480EC00AD41D9 /* Operation.swift */,
				A1B598791B4FD92300257DDB /* module.swift */,
			);
			name = protocol;
			sourceTree = "<group>";
		};
		A1E321E11B4FD4810008D265 /* Guide */ = {
			isa = PBXGroup;
			children = (
				33A76B741B50E7640010DF0F /* Guide-images */,
				A1E321DD1B4FD44F0008D265 /* Guide.storyboard */,
				A1E321D91B4FD4360008D265 /* datePickerViewController.swift */,
				A1E321DA1B4FD4360008D265 /* GuideViewController.swift */,
			);
			name = Guide;
			sourceTree = "<group>";
		};
/* End PBXGroup section */

/* Begin PBXNativeTarget section */
		A1B583E21B33034900AD41D9 /* MP2 */ = {
			isa = PBXNativeTarget;
			buildConfigurationList = A1B584021B33034900AD41D9 /* Build configuration list for PBXNativeTarget "MP2" */;
			buildPhases = (
				A1B583DF1B33034900AD41D9 /* Sources */,
				A1B583E01B33034900AD41D9 /* Frameworks */,
				A1B583E11B33034900AD41D9 /* Resources */,
				3328D6111B46A59F00704F48 /* Copy Files */,
			);
			buildRules = (
			);
			dependencies = (
				3328D61D1B46A9CF00704F48 /* PBXTargetDependency */,
			);
			name = MP2;
			productName = MP2;
			productReference = A1B583E31B33034900AD41D9 /* MP2.app */;
			productType = "com.apple.product-type.application";
		};
		A1B583F71B33034900AD41D9 /* MP2Tests */ = {
			isa = PBXNativeTarget;
			buildConfigurationList = A1B584051B33034900AD41D9 /* Build configuration list for PBXNativeTarget "MP2Tests" */;
			buildPhases = (
				A1B583F41B33034900AD41D9 /* Sources */,
				A1B583F51B33034900AD41D9 /* Frameworks */,
				A1B583F61B33034900AD41D9 /* Resources */,
				3328D6131B46A5AF00704F48 /* CopyFiles */,
			);
			buildRules = (
			);
			dependencies = (
				A1B583FA1B33034900AD41D9 /* PBXTargetDependency */,
			);
			name = MP2Tests;
			productName = MP2Tests;
			productReference = A1B583F81B33034900AD41D9 /* MP2Tests.xctest */;
			productType = "com.apple.product-type.bundle.unit-test";
		};
/* End PBXNativeTarget section */

/* Begin PBXProject section */
		A1B583DB1B33034900AD41D9 /* Project object */ = {
			isa = PBXProject;
			attributes = {
				LastSwiftUpdateCheck = 0700;
				LastUpgradeCheck = 0630;
				ORGANIZATIONNAME = JYLabs;
				TargetAttributes = {
					A1B583E21B33034900AD41D9 = {
						CreatedOnToolsVersion = 6.3.2;
						DevelopmentTeam = SK8W4L32D6;
						SystemCapabilities = {
							com.apple.BackgroundModes = {
								enabled = 1;
							};
						};
					};
					A1B583F71B33034900AD41D9 = {
						CreatedOnToolsVersion = 6.3.2;
						TestTargetID = A1B583E21B33034900AD41D9;
					};
				};
			};
			buildConfigurationList = A1B583DE1B33034900AD41D9 /* Build configuration list for PBXProject "MP2" */;
			compatibilityVersion = "Xcode 3.2";
			developmentRegion = English;
			hasScannedForEncodings = 0;
			knownRegions = (
				en,
				Base,
			);
			mainGroup = A1B583DA1B33034900AD41D9;
			productRefGroup = A1B583E41B33034900AD41D9 /* Products */;
			projectDirPath = "";
			projectReferences = (
				{
					ProductGroup = A126FAE41B43AC7F009BE576 /* Products */;
					ProjectRef = A126FAE31B43AC7F009BE576 /* Alamofire.xcodeproj */;
				},
			);
			projectRoot = "";
			targets = (
				A1B583E21B33034900AD41D9 /* MP2 */,
				A1B583F71B33034900AD41D9 /* MP2Tests */,
			);
		};
/* End PBXProject section */

/* Begin PBXReferenceProxy section */
		A126FAEB1B43AC7F009BE576 /* Alamofire.framework */ = {
			isa = PBXReferenceProxy;
			fileType = wrapper.framework;
			path = Alamofire.framework;
			remoteRef = A126FAEA1B43AC7F009BE576 /* PBXContainerItemProxy */;
			sourceTree = BUILT_PRODUCTS_DIR;
		};
		A126FAED1B43AC7F009BE576 /* Alamofire.framework */ = {
			isa = PBXReferenceProxy;
			fileType = wrapper.framework;
			path = Alamofire.framework;
			remoteRef = A126FAEC1B43AC7F009BE576 /* PBXContainerItemProxy */;
			sourceTree = BUILT_PRODUCTS_DIR;
		};
		A126FAEF1B43AC7F009BE576 /* Alamofire iOS Tests.xctest */ = {
			isa = PBXReferenceProxy;
			fileType = wrapper.cfbundle;
			path = "Alamofire iOS Tests.xctest";
			remoteRef = A126FAEE1B43AC7F009BE576 /* PBXContainerItemProxy */;
			sourceTree = BUILT_PRODUCTS_DIR;
		};
		A126FAF11B43AC7F009BE576 /* Alamofire OSX Tests.xctest */ = {
			isa = PBXReferenceProxy;
			fileType = wrapper.cfbundle;
			path = "Alamofire OSX Tests.xctest";
			remoteRef = A126FAF01B43AC7F009BE576 /* PBXContainerItemProxy */;
			sourceTree = BUILT_PRODUCTS_DIR;
		};
/* End PBXReferenceProxy section */

/* Begin PBXResourcesBuildPhase section */
		A1B583E11B33034900AD41D9 /* Resources */ = {
			isa = PBXResourcesBuildPhase;
			buildActionMask = 2147483647;
			files = (
				336A1F351B63E96D00360293 /* UGC.storyboard in Resources */,
				336A1F291B5E635B00360293 /* iTunesGuide-images in Resources */,
				33A76B751B50E7640010DF0F /* Guide-images in Resources */,
				A1E321DE1B4FD44F0008D265 /* Guide.storyboard in Resources */,
				3328D61B1B46A99E00704F48 /* resource in Resources */,
				A1B583EE1B33034900AD41D9 /* Main.storyboard in Resources */,
				A1B583F31B33034900AD41D9 /* LaunchScreen.xib in Resources */,
				A1B583F01B33034900AD41D9 /* Images.xcassets in Resources */,
			);
			runOnlyForDeploymentPostprocessing = 0;
		};
		A1B583F61B33034900AD41D9 /* Resources */ = {
			isa = PBXResourcesBuildPhase;
			buildActionMask = 2147483647;
			files = (
			);
			runOnlyForDeploymentPostprocessing = 0;
		};
/* End PBXResourcesBuildPhase section */

/* Begin PBXSourcesBuildPhase section */
		A1B583DF1B33034900AD41D9 /* Sources */ = {
			isa = PBXSourcesBuildPhase;
			buildActionMask = 2147483647;
			files = (
				3331B20F1B7F066C006E9BBB /* AFHTTPRequestOperation.m in Sources */,
				3331B2101B7F066C006E9BBB /* AFHTTPRequestOperationManager.m in Sources */,
				3331B2111B7F066C006E9BBB /* AFHTTPSessionManager.m in Sources */,
				3331B2121B7F066C006E9BBB /* AFNetworkReachabilityManager.m in Sources */,
				3331B2131B7F066C006E9BBB /* AFSecurityPolicy.m in Sources */,
				3331B2141B7F066C006E9BBB /* AFURLConnectionOperation.m in Sources */,
				3331B2151B7F066C006E9BBB /* AFURLRequestSerialization.m in Sources */,
				3331B2161B7F066C006E9BBB /* AFURLResponseSerialization.m in Sources */,
				3331B2171B7F066C006E9BBB /* AFURLSessionManager.m in Sources */,
				3331B2181B7F066C006E9BBB /* AFNetworkActivityIndicatorManager.m in Sources */,
				3331B2191B7F066C006E9BBB /* UIActivityIndicatorView+AFNetworking.m in Sources */,
				3331B21A1B7F066C006E9BBB /* UIAlertView+AFNetworking.m in Sources */,
				3331B21B1B7F066C006E9BBB /* UIButton+AFNetworking.m in Sources */,
				3331B21C1B7F066C006E9BBB /* UIImageView+AFNetworking.m in Sources */,
				3331B21D1B7F066C006E9BBB /* UIProgressView+AFNetworking.m in Sources */,
				3331B21E1B7F066C006E9BBB /* UIRefreshControl+AFNetworking.m in Sources */,
				3331B21F1B7F066C006E9BBB /* UIWebView+AFNetworking.m in Sources */,
				3331B2201B7F066C006E9BBB /* UpYun.m in Sources */,
				3331B2211B7F066C006E9BBB /* MF_Base64Additions.m in Sources */,
				3331B2221B7F066C006E9BBB /* NSData+Utils.m in Sources */,
				3331B2231B7F066C006E9BBB /* NSData+MD5Digest.m in Sources */,
				334156191B5B6CB900DA051D /* TempListTableViewCell.swift in Sources */,
				3341561A1B5B6CB900DA051D /* TempListTableViewController.swift in Sources */,
				3341561C1B5B6CB900DA051D /* UGCViewController.swift in Sources */,
				A1E321DB1B4FD4360008D265 /* datePickerViewController.swift in Sources */,
				A1E321DC1B4FD4360008D265 /* GuideViewController.swift in Sources */,
				A1B5842C1B34557300AD41D9 /* NowPlayingInfoCenter.swift in Sources */,
				A126FB071B43C21F009BE576 /* DownloaderClasses.swift in Sources */,
				336A1F391B64BB1800360293 /* BrowserViewController.swift in Sources */,
				3331B06E1B7DCF3C006E9BBB /* ShareListViewController.swift in Sources */,
				339A4ECE1B579ABC00E52937 /* PlayListTableViewController.swift in Sources */,
				A1C99B8B1B481E3400BA3881 /* Reachability.swift in Sources */,
				A1A7654B1B46BA1A00C3B6F1 /* userInformationViewController.swift in Sources */,
				A1B583EB1B33034900AD41D9 /* ViewController.swift in Sources */,
				A1A7654E1B46C0EA00C3B6F1 /* AgeCalculator.swift in Sources */,
				A1B584111B33045400AD41D9 /* StatusManager.swift in Sources */,
				A1B584221B33F26700AD41D9 /* ViewManager.swift in Sources */,
				3331B2251B7F0FB5006E9BBB /* File.swift in Sources */,
				334001D21B593F9600153524 /* playlistTableViewCell.swift in Sources */,
				A1B584171B3307A200AD41D9 /* Status.swift in Sources */,
				336A1F3E1B66668E00360293 /* DownLoadTableViewCell.swift in Sources */,
				A1B5840A1B3303F200AD41D9 /* swiftyJSON.swift in Sources */,
				336A1F2B1B6383B700360293 /* UploadMessageViewController.swift in Sources */,
				A1B583E91B33034900AD41D9 /* AppDelegate.swift in Sources */,
				A1B584141B3305B800AD41D9 /* Server.swift in Sources */,
				A1B5987A1B4FD92300257DDB /* module.swift in Sources */,
				A1B5841A1B332A1400AD41D9 /* PlayerManager.swift in Sources */,
				A1B5841D1B332E9900AD41D9 /* Player.swift in Sources */,
				A1B5840D1B33041700AD41D9 /* Model.swift in Sources */,
				336A1F3C1B655AEC00360293 /* DownLoadTableViewController.swift in Sources */,
				A126FB0D1B468EBE009BE576 /* IJReachability.swift in Sources */,
				336A1F271B5E607200360293 /* ItunesGuiderViewController.swift in Sources */,
				A1B5842F1B3480EC00AD41D9 /* Operation.swift in Sources */,
				3371A4231B6A090600C842E0 /* MainScrollViewController.swift in Sources */,
				A1A765511B46F33E00C3B6F1 /* CopyBundleFilesToCache.swift in Sources */,
				A126FB041B43C203009BE576 /* DownloaderProtocols.swift in Sources */,
			);
			runOnlyForDeploymentPostprocessing = 0;
		};
		A1B583F41B33034900AD41D9 /* Sources */ = {
			isa = PBXSourcesBuildPhase;
			buildActionMask = 2147483647;
			files = (
				A1B584301B3480EC00AD41D9 /* Operation.swift in Sources */,
				A1B584151B3305B800AD41D9 /* Server.swift in Sources */,
				A1B583FF1B33034900AD41D9 /* MP2Tests.swift in Sources */,
				A1B5840E1B33041700AD41D9 /* Model.swift in Sources */,
				A1A7654F1B46C0EA00C3B6F1 /* AgeCalculator.swift in Sources */,
				A1B5841B1B332A1400AD41D9 /* PlayerManager.swift in Sources */,
				A1B5841E1B332E9900AD41D9 /* Player.swift in Sources */,
				A1B5842D1B34557300AD41D9 /* NowPlayingInfoCenter.swift in Sources */,
				A1B5840B1B3303F200AD41D9 /* swiftyJSON.swift in Sources */,
				A126FB051B43C203009BE576 /* DownloaderProtocols.swift in Sources */,
				A1A765521B46F33E00C3B6F1 /* CopyBundleFilesToCache.swift in Sources */,
				A1B584121B33045400AD41D9 /* StatusManager.swift in Sources */,
				A1B584231B33F26700AD41D9 /* ViewManager.swift in Sources */,
				A1C99B8C1B481E3400BA3881 /* Reachability.swift in Sources */,
				A1B584181B3307A200AD41D9 /* Status.swift in Sources */,
				A126FB081B43C21F009BE576 /* DownloaderClasses.swift in Sources */,
				A126FB0E1B468EBE009BE576 /* IJReachability.swift in Sources */,
			);
			runOnlyForDeploymentPostprocessing = 0;
		};
/* End PBXSourcesBuildPhase section */

/* Begin PBXTargetDependency section */
		3328D61D1B46A9CF00704F48 /* PBXTargetDependency */ = {
			isa = PBXTargetDependency;
			name = "Alamofire iOS";
			targetProxy = 3328D61C1B46A9CF00704F48 /* PBXContainerItemProxy */;
		};
		A1B583FA1B33034900AD41D9 /* PBXTargetDependency */ = {
			isa = PBXTargetDependency;
			target = A1B583E21B33034900AD41D9 /* MP2 */;
			targetProxy = A1B583F91B33034900AD41D9 /* PBXContainerItemProxy */;
		};
/* End PBXTargetDependency section */

/* Begin PBXVariantGroup section */
		A1B583EC1B33034900AD41D9 /* Main.storyboard */ = {
			isa = PBXVariantGroup;
			children = (
				A1B583ED1B33034900AD41D9 /* Base */,
				339A4ED41B581F4100E52937 /* en */,
			);
			name = Main.storyboard;
			sourceTree = "<group>";
		};
		A1B583F11B33034900AD41D9 /* LaunchScreen.xib */ = {
			isa = PBXVariantGroup;
			children = (
				A1B583F21B33034900AD41D9 /* Base */,
			);
			name = LaunchScreen.xib;
			sourceTree = "<group>";
		};
/* End PBXVariantGroup section */

/* Begin XCBuildConfiguration section */
		A1B584001B33034900AD41D9 /* Debug */ = {
			isa = XCBuildConfiguration;
			buildSettings = {
				ALWAYS_SEARCH_USER_PATHS = NO;
				CLANG_CXX_LANGUAGE_STANDARD = "gnu++0x";
				CLANG_CXX_LIBRARY = "libc++";
				CLANG_ENABLE_MODULES = YES;
				CLANG_ENABLE_OBJC_ARC = YES;
				CLANG_WARN_BOOL_CONVERSION = YES;
				CLANG_WARN_CONSTANT_CONVERSION = YES;
				CLANG_WARN_DIRECT_OBJC_ISA_USAGE = YES_ERROR;
				CLANG_WARN_EMPTY_BODY = YES;
				CLANG_WARN_ENUM_CONVERSION = YES;
				CLANG_WARN_INT_CONVERSION = YES;
				CLANG_WARN_OBJC_ROOT_CLASS = YES_ERROR;
				CLANG_WARN_UNREACHABLE_CODE = YES;
				CLANG_WARN__DUPLICATE_METHOD_MATCH = YES;
				CODE_SIGN_IDENTITY = "iPhone Developer";
				"CODE_SIGN_IDENTITY[sdk=iphoneos*]" = "iPhone Developer";
				COPY_PHASE_STRIP = NO;
				DEBUG_INFORMATION_FORMAT = "dwarf-with-dsym";
				ENABLE_STRICT_OBJC_MSGSEND = YES;
				GCC_C_LANGUAGE_STANDARD = gnu99;
				GCC_DYNAMIC_NO_PIC = NO;
				GCC_NO_COMMON_BLOCKS = YES;
				GCC_OPTIMIZATION_LEVEL = 0;
				GCC_PREPROCESSOR_DEFINITIONS = (
					"DEBUG=1",
					"$(inherited)",
				);
				GCC_SYMBOLS_PRIVATE_EXTERN = NO;
				GCC_WARN_64_TO_32_BIT_CONVERSION = YES;
				GCC_WARN_ABOUT_RETURN_TYPE = YES_ERROR;
				GCC_WARN_UNDECLARED_SELECTOR = YES;
				GCC_WARN_UNINITIALIZED_AUTOS = YES_AGGRESSIVE;
				GCC_WARN_UNUSED_FUNCTION = YES;
				GCC_WARN_UNUSED_VARIABLE = YES;
				IPHONEOS_DEPLOYMENT_TARGET = 8.0;
				MTL_ENABLE_DEBUG_INFO = YES;
				ONLY_ACTIVE_ARCH = YES;
				SDKROOT = iphoneos8.3;
				SWIFT_OPTIMIZATION_LEVEL = "-Onone";
			};
			name = Debug;
		};
		A1B584011B33034900AD41D9 /* Release */ = {
			isa = XCBuildConfiguration;
			buildSettings = {
				ALWAYS_SEARCH_USER_PATHS = NO;
				CLANG_CXX_LANGUAGE_STANDARD = "gnu++0x";
				CLANG_CXX_LIBRARY = "libc++";
				CLANG_ENABLE_MODULES = YES;
				CLANG_ENABLE_OBJC_ARC = YES;
				CLANG_WARN_BOOL_CONVERSION = YES;
				CLANG_WARN_CONSTANT_CONVERSION = YES;
				CLANG_WARN_DIRECT_OBJC_ISA_USAGE = YES_ERROR;
				CLANG_WARN_EMPTY_BODY = YES;
				CLANG_WARN_ENUM_CONVERSION = YES;
				CLANG_WARN_INT_CONVERSION = YES;
				CLANG_WARN_OBJC_ROOT_CLASS = YES_ERROR;
				CLANG_WARN_UNREACHABLE_CODE = YES;
				CLANG_WARN__DUPLICATE_METHOD_MATCH = YES;
				CODE_SIGN_IDENTITY = "iPhone Distribution: QINGLING SUN (SK8W4L32D6)";
				"CODE_SIGN_IDENTITY[sdk=iphoneos*]" = "iPhone Distribution: QINGLING SUN (SK8W4L32D6)";
				COPY_PHASE_STRIP = NO;
				DEBUG_INFORMATION_FORMAT = "dwarf-with-dsym";
				ENABLE_NS_ASSERTIONS = NO;
				ENABLE_STRICT_OBJC_MSGSEND = YES;
				GCC_C_LANGUAGE_STANDARD = gnu99;
				GCC_NO_COMMON_BLOCKS = YES;
				GCC_WARN_64_TO_32_BIT_CONVERSION = YES;
				GCC_WARN_ABOUT_RETURN_TYPE = YES_ERROR;
				GCC_WARN_UNDECLARED_SELECTOR = YES;
				GCC_WARN_UNINITIALIZED_AUTOS = YES_AGGRESSIVE;
				GCC_WARN_UNUSED_FUNCTION = YES;
				GCC_WARN_UNUSED_VARIABLE = YES;
				IPHONEOS_DEPLOYMENT_TARGET = 8.0;
				MTL_ENABLE_DEBUG_INFO = NO;
				SDKROOT = iphoneos8.3;
				VALIDATE_PRODUCT = YES;
			};
			name = Release;
		};
		A1B584031B33034900AD41D9 /* Debug */ = {
			isa = XCBuildConfiguration;
			buildSettings = {
				ASSETCATALOG_COMPILER_APPICON_NAME = AppIcon;
				CLANG_ENABLE_MODULES = YES;
				CODE_SIGN_IDENTITY = "iPhone Developer";
				"CODE_SIGN_IDENTITY[sdk=iphoneos*]" = "iPhone Developer";
				INFOPLIST_FILE = MP2/Info.plist;
				IPHONEOS_DEPLOYMENT_TARGET = 8.0;
				LD_RUNPATH_SEARCH_PATHS = "$(inherited) @executable_path/Frameworks";
				PRODUCT_NAME = "$(TARGET_NAME)";
				PROVISIONING_PROFILE = "";
				SWIFT_OBJC_BRIDGING_HEADER = "MP2-Bridging-Header.h";
				SWIFT_OPTIMIZATION_LEVEL = "-Onone";
				TARGETED_DEVICE_FAMILY = 1;
			};
			name = Debug;
		};
		A1B584041B33034900AD41D9 /* Release */ = {
			isa = XCBuildConfiguration;
			buildSettings = {
				ASSETCATALOG_COMPILER_APPICON_NAME = AppIcon;
				CLANG_ENABLE_MODULES = YES;
				CODE_SIGN_IDENTITY = "iPhone Developer";
				"CODE_SIGN_IDENTITY[sdk=iphoneos*]" = "iPhone Developer";
				INFOPLIST_FILE = MP2/Info.plist;
				IPHONEOS_DEPLOYMENT_TARGET = 8.0;
				LD_RUNPATH_SEARCH_PATHS = "$(inherited) @executable_path/Frameworks";
				PRODUCT_NAME = "$(TARGET_NAME)";
				PROVISIONING_PROFILE = "";
				SWIFT_OBJC_BRIDGING_HEADER = "MP2-Bridging-Header.h";
				TARGETED_DEVICE_FAMILY = 1;
			};
			name = Release;
		};
		A1B584061B33034900AD41D9 /* Debug */ = {
			isa = XCBuildConfiguration;
			buildSettings = {
				BUNDLE_LOADER = "$(TEST_HOST)";
				FRAMEWORK_SEARCH_PATHS = (
					"$(SDKROOT)/Developer/Library/Frameworks",
					"$(inherited)",
				);
				GCC_PREPROCESSOR_DEFINITIONS = (
					"DEBUG=1",
					"$(inherited)",
				);
				INFOPLIST_FILE = MP2Tests/Info.plist;
				LD_RUNPATH_SEARCH_PATHS = "$(inherited) @executable_path/Frameworks @loader_path/Frameworks";
				PRODUCT_NAME = "$(TARGET_NAME)";
				TEST_HOST = "$(BUILT_PRODUCTS_DIR)/MP2.app/MP2";
			};
			name = Debug;
		};
		A1B584071B33034900AD41D9 /* Release */ = {
			isa = XCBuildConfiguration;
			buildSettings = {
				BUNDLE_LOADER = "$(TEST_HOST)";
				FRAMEWORK_SEARCH_PATHS = (
					"$(SDKROOT)/Developer/Library/Frameworks",
					"$(inherited)",
				);
				INFOPLIST_FILE = MP2Tests/Info.plist;
				LD_RUNPATH_SEARCH_PATHS = "$(inherited) @executable_path/Frameworks @loader_path/Frameworks";
				PRODUCT_NAME = "$(TARGET_NAME)";
				TEST_HOST = "$(BUILT_PRODUCTS_DIR)/MP2.app/MP2";
			};
			name = Release;
		};
/* End XCBuildConfiguration section */

/* Begin XCConfigurationList section */
		A1B583DE1B33034900AD41D9 /* Build configuration list for PBXProject "MP2" */ = {
			isa = XCConfigurationList;
			buildConfigurations = (
				A1B584001B33034900AD41D9 /* Debug */,
				A1B584011B33034900AD41D9 /* Release */,
			);
			defaultConfigurationIsVisible = 0;
			defaultConfigurationName = Release;
		};
		A1B584021B33034900AD41D9 /* Build configuration list for PBXNativeTarget "MP2" */ = {
			isa = XCConfigurationList;
			buildConfigurations = (
				A1B584031B33034900AD41D9 /* Debug */,
				A1B584041B33034900AD41D9 /* Release */,
			);
			defaultConfigurationIsVisible = 0;
			defaultConfigurationName = Release;
		};
		A1B584051B33034900AD41D9 /* Build configuration list for PBXNativeTarget "MP2Tests" */ = {
			isa = XCConfigurationList;
			buildConfigurations = (
				A1B584061B33034900AD41D9 /* Debug */,
				A1B584071B33034900AD41D9 /* Release */,
			);
			defaultConfigurationIsVisible = 0;
			defaultConfigurationName = Release;
		};
/* End XCConfigurationList section */
	};
	rootObject = A1B583DB1B33034900AD41D9 /* Project object */;
}
