// !$*UTF8*$!
{
	archiveVersion = 1;
	classes = {
	};
	objectVersion = 46;
	objects = {

/* Begin PBXBuildFile section */
		A126FB041B43C203009BE576 /* DownloaderProtocols.swift in Sources */ = {isa = PBXBuildFile; fileRef = A126FB031B43C203009BE576 /* DownloaderProtocols.swift */; };
		A126FB051B43C203009BE576 /* DownloaderProtocols.swift in Sources */ = {isa = PBXBuildFile; fileRef = A126FB031B43C203009BE576 /* DownloaderProtocols.swift */; };
		A126FB071B43C21F009BE576 /* DownloaderClasses.swift in Sources */ = {isa = PBXBuildFile; fileRef = A126FB061B43C21F009BE576 /* DownloaderClasses.swift */; };
		A126FB081B43C21F009BE576 /* DownloaderClasses.swift in Sources */ = {isa = PBXBuildFile; fileRef = A126FB061B43C21F009BE576 /* DownloaderClasses.swift */; };
		A126FB0B1B468957009BE576 /* SystemConfiguration.framework in Frameworks */ = {isa = PBXBuildFile; fileRef = A126FB0A1B468957009BE576 /* SystemConfiguration.framework */; };
		A126FB0D1B468EBE009BE576 /* IJReachability.swift in Sources */ = {isa = PBXBuildFile; fileRef = A126FB0C1B468EBE009BE576 /* IJReachability.swift */; };
		A126FB0E1B468EBE009BE576 /* IJReachability.swift in Sources */ = {isa = PBXBuildFile; fileRef = A126FB0C1B468EBE009BE576 /* IJReachability.swift */; };
		A1B583E91B33034900AD41D9 /* AppDelegate.swift in Sources */ = {isa = PBXBuildFile; fileRef = A1B583E81B33034900AD41D9 /* AppDelegate.swift */; };
		A1B583EB1B33034900AD41D9 /* ViewController.swift in Sources */ = {isa = PBXBuildFile; fileRef = A1B583EA1B33034900AD41D9 /* ViewController.swift */; };
		A1B583EE1B33034900AD41D9 /* Main.storyboard in Resources */ = {isa = PBXBuildFile; fileRef = A1B583EC1B33034900AD41D9 /* Main.storyboard */; };
		A1B583F01B33034900AD41D9 /* Images.xcassets in Resources */ = {isa = PBXBuildFile; fileRef = A1B583EF1B33034900AD41D9 /* Images.xcassets */; };
		A1B583F31B33034900AD41D9 /* LaunchScreen.xib in Resources */ = {isa = PBXBuildFile; fileRef = A1B583F11B33034900AD41D9 /* LaunchScreen.xib */; };
		A1B583FF1B33034900AD41D9 /* MP2Tests.swift in Sources */ = {isa = PBXBuildFile; fileRef = A1B583FE1B33034900AD41D9 /* MP2Tests.swift */; };
		A1B5840A1B3303F200AD41D9 /* swiftyJSON.swift in Sources */ = {isa = PBXBuildFile; fileRef = A1B584091B3303F200AD41D9 /* swiftyJSON.swift */; };
		A1B5840B1B3303F200AD41D9 /* swiftyJSON.swift in Sources */ = {isa = PBXBuildFile; fileRef = A1B584091B3303F200AD41D9 /* swiftyJSON.swift */; };
		A1B5840D1B33041700AD41D9 /* Model.swift in Sources */ = {isa = PBXBuildFile; fileRef = A1B5840C1B33041700AD41D9 /* Model.swift */; };
		A1B5840E1B33041700AD41D9 /* Model.swift in Sources */ = {isa = PBXBuildFile; fileRef = A1B5840C1B33041700AD41D9 /* Model.swift */; };
		A1B584111B33045400AD41D9 /* StatusManager.swift in Sources */ = {isa = PBXBuildFile; fileRef = A1B584101B33045400AD41D9 /* StatusManager.swift */; };
		A1B584121B33045400AD41D9 /* StatusManager.swift in Sources */ = {isa = PBXBuildFile; fileRef = A1B584101B33045400AD41D9 /* StatusManager.swift */; };
		A1B584141B3305B800AD41D9 /* Server.swift in Sources */ = {isa = PBXBuildFile; fileRef = A1B584131B3305B800AD41D9 /* Server.swift */; };
		A1B584151B3305B800AD41D9 /* Server.swift in Sources */ = {isa = PBXBuildFile; fileRef = A1B584131B3305B800AD41D9 /* Server.swift */; };
		A1B584171B3307A200AD41D9 /* Status.swift in Sources */ = {isa = PBXBuildFile; fileRef = A1B584161B3307A200AD41D9 /* Status.swift */; };
		A1B584181B3307A200AD41D9 /* Status.swift in Sources */ = {isa = PBXBuildFile; fileRef = A1B584161B3307A200AD41D9 /* Status.swift */; };
		A1B5841A1B332A1400AD41D9 /* PlayerManager.swift in Sources */ = {isa = PBXBuildFile; fileRef = A1B584191B332A1400AD41D9 /* PlayerManager.swift */; };
		A1B5841B1B332A1400AD41D9 /* PlayerManager.swift in Sources */ = {isa = PBXBuildFile; fileRef = A1B584191B332A1400AD41D9 /* PlayerManager.swift */; };
		A1B5841D1B332E9900AD41D9 /* Player.swift in Sources */ = {isa = PBXBuildFile; fileRef = A1B5841C1B332E9900AD41D9 /* Player.swift */; };
		A1B5841E1B332E9900AD41D9 /* Player.swift in Sources */ = {isa = PBXBuildFile; fileRef = A1B5841C1B332E9900AD41D9 /* Player.swift */; };
		A1B584201B33331200AD41D9 /* resource in Resources */ = {isa = PBXBuildFile; fileRef = A1B5841F1B33331200AD41D9 /* resource */; };
		A1B584221B33F26700AD41D9 /* ViewManager.swift in Sources */ = {isa = PBXBuildFile; fileRef = A1B584211B33F26700AD41D9 /* ViewManager.swift */; };
		A1B584231B33F26700AD41D9 /* ViewManager.swift in Sources */ = {isa = PBXBuildFile; fileRef = A1B584211B33F26700AD41D9 /* ViewManager.swift */; };
		A1B5842C1B34557300AD41D9 /* NowPlayingInfoCenter.swift in Sources */ = {isa = PBXBuildFile; fileRef = A1B5842B1B34557300AD41D9 /* NowPlayingInfoCenter.swift */; };
		A1B5842D1B34557300AD41D9 /* NowPlayingInfoCenter.swift in Sources */ = {isa = PBXBuildFile; fileRef = A1B5842B1B34557300AD41D9 /* NowPlayingInfoCenter.swift */; };
		A1B5842F1B3480EC00AD41D9 /* Operation.swift in Sources */ = {isa = PBXBuildFile; fileRef = A1B5842E1B3480EC00AD41D9 /* Operation.swift */; };
		A1B584301B3480EC00AD41D9 /* Operation.swift in Sources */ = {isa = PBXBuildFile; fileRef = A1B5842E1B3480EC00AD41D9 /* Operation.swift */; };
/* End PBXBuildFile section */

/* Begin PBXContainerItemProxy section */
		A126FAEA1B43AC7F009BE576 /* PBXContainerItemProxy */ = {
			isa = PBXContainerItemProxy;
			containerPortal = A126FAE31B43AC7F009BE576 /* Alamofire.xcodeproj */;
			proxyType = 2;
			remoteGlobalIDString = F8111E3319A95C8B0040E7D1;
			remoteInfo = "Alamofire iOS";
		};
		A126FAEC1B43AC7F009BE576 /* PBXContainerItemProxy */ = {
			isa = PBXContainerItemProxy;
			containerPortal = A126FAE31B43AC7F009BE576 /* Alamofire.xcodeproj */;
			proxyType = 2;
			remoteGlobalIDString = 4DD67C0B1A5C55C900ED2280;
			remoteInfo = "Alamofire OSX";
		};
		A126FAEE1B43AC7F009BE576 /* PBXContainerItemProxy */ = {
			isa = PBXContainerItemProxy;
			containerPortal = A126FAE31B43AC7F009BE576 /* Alamofire.xcodeproj */;
			proxyType = 2;
			remoteGlobalIDString = F8111E3E19A95C8B0040E7D1;
			remoteInfo = "Alamofire iOS Tests";
		};
		A126FAF01B43AC7F009BE576 /* PBXContainerItemProxy */ = {
			isa = PBXContainerItemProxy;
			containerPortal = A126FAE31B43AC7F009BE576 /* Alamofire.xcodeproj */;
			proxyType = 2;
			remoteGlobalIDString = F829C6B21A7A94F100A2CD59;
			remoteInfo = "Alamofire OSX Tests";
		};
		A126FAF21B43AC89009BE576 /* PBXContainerItemProxy */ = {
			isa = PBXContainerItemProxy;
			containerPortal = A126FAE31B43AC7F009BE576 /* Alamofire.xcodeproj */;
			proxyType = 1;
			remoteGlobalIDString = F8111E3219A95C8B0040E7D1;
			remoteInfo = "Alamofire iOS";
		};
		A1B583F91B33034900AD41D9 /* PBXContainerItemProxy */ = {
			isa = PBXContainerItemProxy;
			containerPortal = A1B583DB1B33034900AD41D9 /* Project object */;
			proxyType = 1;
			remoteGlobalIDString = A1B583E21B33034900AD41D9;
			remoteInfo = MP2;
		};
/* End PBXContainerItemProxy section */

/* Begin PBXFileReference section */
		A126FAE31B43AC7F009BE576 /* Alamofire.xcodeproj */ = {isa = PBXFileReference; lastKnownFileType = "wrapper.pb-project"; name = Alamofire.xcodeproj; path = Alamofire/Alamofire.xcodeproj; sourceTree = "<group>"; };
		A126FB031B43C203009BE576 /* DownloaderProtocols.swift */ = {isa = PBXFileReference; fileEncoding = 4; lastKnownFileType = sourcecode.swift; name = DownloaderProtocols.swift; path = Downloader/DownloaderProtocols.swift; sourceTree = "<group>"; };
		A126FB061B43C21F009BE576 /* DownloaderClasses.swift */ = {isa = PBXFileReference; fileEncoding = 4; lastKnownFileType = sourcecode.swift; name = DownloaderClasses.swift; path = Downloader/DownloaderClasses.swift; sourceTree = "<group>"; };
		A126FB0A1B468957009BE576 /* SystemConfiguration.framework */ = {isa = PBXFileReference; lastKnownFileType = wrapper.framework; name = SystemConfiguration.framework; path = System/Library/Frameworks/SystemConfiguration.framework; sourceTree = SDKROOT; };
		A126FB0C1B468EBE009BE576 /* IJReachability.swift */ = {isa = PBXFileReference; fileEncoding = 4; lastKnownFileType = sourcecode.swift; name = IJReachability.swift; path = lib/IJReachability.swift; sourceTree = "<group>"; };
		A1B583E31B33034900AD41D9 /* MP2.app */ = {isa = PBXFileReference; explicitFileType = wrapper.application; includeInIndex = 0; path = MP2.app; sourceTree = BUILT_PRODUCTS_DIR; };
		A1B583E71B33034900AD41D9 /* Info.plist */ = {isa = PBXFileReference; lastKnownFileType = text.plist.xml; path = Info.plist; sourceTree = "<group>"; };
		A1B583E81B33034900AD41D9 /* AppDelegate.swift */ = {isa = PBXFileReference; lastKnownFileType = sourcecode.swift; path = AppDelegate.swift; sourceTree = "<group>"; };
		A1B583EA1B33034900AD41D9 /* ViewController.swift */ = {isa = PBXFileReference; lastKnownFileType = sourcecode.swift; path = ViewController.swift; sourceTree = "<group>"; };
		A1B583ED1B33034900AD41D9 /* Base */ = {isa = PBXFileReference; lastKnownFileType = file.storyboard; name = Base; path = Base.lproj/Main.storyboard; sourceTree = "<group>"; };
		A1B583EF1B33034900AD41D9 /* Images.xcassets */ = {isa = PBXFileReference; lastKnownFileType = folder.assetcatalog; path = Images.xcassets; sourceTree = "<group>"; };
		A1B583F21B33034900AD41D9 /* Base */ = {isa = PBXFileReference; lastKnownFileType = file.xib; name = Base; path = Base.lproj/LaunchScreen.xib; sourceTree = "<group>"; };
		A1B583F81B33034900AD41D9 /* MP2Tests.xctest */ = {isa = PBXFileReference; explicitFileType = wrapper.cfbundle; includeInIndex = 0; path = MP2Tests.xctest; sourceTree = BUILT_PRODUCTS_DIR; };
		A1B583FD1B33034900AD41D9 /* Info.plist */ = {isa = PBXFileReference; lastKnownFileType = text.plist.xml; path = Info.plist; sourceTree = "<group>"; };
		A1B583FE1B33034900AD41D9 /* MP2Tests.swift */ = {isa = PBXFileReference; lastKnownFileType = sourcecode.swift; path = MP2Tests.swift; sourceTree = "<group>"; };
		A1B584091B3303F200AD41D9 /* swiftyJSON.swift */ = {isa = PBXFileReference; fileEncoding = 4; lastKnownFileType = sourcecode.swift; name = swiftyJSON.swift; path = lib/swiftyJSON.swift; sourceTree = "<group>"; };
		A1B5840C1B33041700AD41D9 /* Model.swift */ = {isa = PBXFileReference; fileEncoding = 4; lastKnownFileType = sourcecode.swift; name = Model.swift; path = protocol/Model.swift; sourceTree = "<group>"; };
		A1B584101B33045400AD41D9 /* StatusManager.swift */ = {isa = PBXFileReference; fileEncoding = 4; lastKnownFileType = sourcecode.swift; name = StatusManager.swift; path = protocol/StatusManager.swift; sourceTree = "<group>"; };
		A1B584131B3305B800AD41D9 /* Server.swift */ = {isa = PBXFileReference; fileEncoding = 4; lastKnownFileType = sourcecode.swift; path = Server.swift; sourceTree = "<group>"; };
		A1B584161B3307A200AD41D9 /* Status.swift */ = {isa = PBXFileReference; fileEncoding = 4; lastKnownFileType = sourcecode.swift; path = Status.swift; sourceTree = "<group>"; };
		A1B584191B332A1400AD41D9 /* PlayerManager.swift */ = {isa = PBXFileReference; fileEncoding = 4; lastKnownFileType = sourcecode.swift; name = PlayerManager.swift; path = protocol/PlayerManager.swift; sourceTree = "<group>"; };
		A1B5841C1B332E9900AD41D9 /* Player.swift */ = {isa = PBXFileReference; fileEncoding = 4; lastKnownFileType = sourcecode.swift; path = Player.swift; sourceTree = "<group>"; };
		A1B5841F1B33331200AD41D9 /* resource */ = {isa = PBXFileReference; lastKnownFileType = folder; name = resource; path = MP2/resource; sourceTree = "<group>"; };
		A1B584211B33F26700AD41D9 /* ViewManager.swift */ = {isa = PBXFileReference; fileEncoding = 4; lastKnownFileType = sourcecode.swift; name = ViewManager.swift; path = protocol/ViewManager.swift; sourceTree = "<group>"; };
		A1B5842B1B34557300AD41D9 /* NowPlayingInfoCenter.swift */ = {isa = PBXFileReference; fileEncoding = 4; lastKnownFileType = sourcecode.swift; path = NowPlayingInfoCenter.swift; sourceTree = "<group>"; };
		A1B5842E1B3480EC00AD41D9 /* Operation.swift */ = {isa = PBXFileReference; fileEncoding = 4; lastKnownFileType = sourcecode.swift; path = Operation.swift; sourceTree = "<group>"; };
/* End PBXFileReference section */

/* Begin PBXFrameworksBuildPhase section */
		A1B583E01B33034900AD41D9 /* Frameworks */ = {
			isa = PBXFrameworksBuildPhase;
			buildActionMask = 2147483647;
			files = (
				A126FB0B1B468957009BE576 /* SystemConfiguration.framework in Frameworks */,
			);
			runOnlyForDeploymentPostprocessing = 0;
		};
		A1B583F51B33034900AD41D9 /* Frameworks */ = {
			isa = PBXFrameworksBuildPhase;
			buildActionMask = 2147483647;
			files = (
			);
			runOnlyForDeploymentPostprocessing = 0;
		};
/* End PBXFrameworksBuildPhase section */

/* Begin PBXGroup section */
		A126FAE41B43AC7F009BE576 /* Products */ = {
			isa = PBXGroup;
			children = (
				A126FAEB1B43AC7F009BE576 /* Alamofire.framework */,
				A126FAED1B43AC7F009BE576 /* Alamofire.framework */,
				A126FAEF1B43AC7F009BE576 /* Alamofire iOS Tests.xctest */,
				A126FAF11B43AC7F009BE576 /* Alamofire OSX Tests.xctest */,
			);
			name = Products;
			sourceTree = "<group>";
		};
		A126FB091B43C2CB009BE576 /* Downloader */ = {
			isa = PBXGroup;
			children = (
				A126FB061B43C21F009BE576 /* DownloaderClasses.swift */,
				A126FB031B43C203009BE576 /* DownloaderProtocols.swift */,
			);
			name = Downloader;
			sourceTree = "<group>";
		};
		A1B583DA1B33034900AD41D9 = {
			isa = PBXGroup;
			children = (
				A126FB0C1B468EBE009BE576 /* IJReachability.swift */,
				A126FB0A1B468957009BE576 /* SystemConfiguration.framework */,
				A126FB091B43C2CB009BE576 /* Downloader */,
				A126FAE31B43AC7F009BE576 /* Alamofire.xcodeproj */,
				A1B5841F1B33331200AD41D9 /* resource */,
				A1B583E51B33034900AD41D9 /* MP2 */,
				A1B583FB1B33034900AD41D9 /* MP2Tests */,
				A1B583E41B33034900AD41D9 /* Products */,
			);
			sourceTree = "<group>";
		};
		A1B583E41B33034900AD41D9 /* Products */ = {
			isa = PBXGroup;
			children = (
				A1B583E31B33034900AD41D9 /* MP2.app */,
				A1B583F81B33034900AD41D9 /* MP2Tests.xctest */,
			);
			name = Products;
			sourceTree = "<group>";
		};
		A1B583E51B33034900AD41D9 /* MP2 */ = {
			isa = PBXGroup;
			children = (
				A1B5840F1B33043500AD41D9 /* protocol */,
				A1B584081B3303D700AD41D9 /* lib */,
				A1B583E81B33034900AD41D9 /* AppDelegate.swift */,
				A1B583EA1B33034900AD41D9 /* ViewController.swift */,
				A1B583EC1B33034900AD41D9 /* Main.storyboard */,
				A1B583EF1B33034900AD41D9 /* Images.xcassets */,
				A1B583F11B33034900AD41D9 /* LaunchScreen.xib */,
				A1B583E61B33034900AD41D9 /* Supporting Files */,
				A1B584131B3305B800AD41D9 /* Server.swift */,
				A1B584161B3307A200AD41D9 /* Status.swift */,
				A1B5841C1B332E9900AD41D9 /* Player.swift */,
				A1B5842B1B34557300AD41D9 /* NowPlayingInfoCenter.swift */,
			);
			path = MP2;
			sourceTree = "<group>";
		};
		A1B583E61B33034900AD41D9 /* Supporting Files */ = {
			isa = PBXGroup;
			children = (
				A1B583E71B33034900AD41D9 /* Info.plist */,
			);
			name = "Supporting Files";
			sourceTree = "<group>";
		};
		A1B583FB1B33034900AD41D9 /* MP2Tests */ = {
			isa = PBXGroup;
			children = (
				A1B583FE1B33034900AD41D9 /* MP2Tests.swift */,
				A1B583FC1B33034900AD41D9 /* Supporting Files */,
			);
			path = MP2Tests;
			sourceTree = "<group>";
		};
		A1B583FC1B33034900AD41D9 /* Supporting Files */ = {
			isa = PBXGroup;
			children = (
				A1B583FD1B33034900AD41D9 /* Info.plist */,
			);
			name = "Supporting Files";
			sourceTree = "<group>";
		};
		A1B584081B3303D700AD41D9 /* lib */ = {
			isa = PBXGroup;
			children = (
				A1B584091B3303F200AD41D9 /* swiftyJSON.swift */,
			);
			name = lib;
			sourceTree = "<group>";
		};
		A1B5840F1B33043500AD41D9 /* protocol */ = {
			isa = PBXGroup;
			children = (
				A1B5840C1B33041700AD41D9 /* Model.swift */,
				A1B584101B33045400AD41D9 /* StatusManager.swift */,
				A1B584191B332A1400AD41D9 /* PlayerManager.swift */,
				A1B584211B33F26700AD41D9 /* ViewManager.swift */,
				A1B5842E1B3480EC00AD41D9 /* Operation.swift */,
			);
			name = protocol;
			sourceTree = "<group>";
		};
/* End PBXGroup section */

/* Begin PBXNativeTarget section */
		A1B583E21B33034900AD41D9 /* MP2 */ = {
			isa = PBXNativeTarget;
			buildConfigurationList = A1B584021B33034900AD41D9 /* Build configuration list for PBXNativeTarget "MP2" */;
			buildPhases = (
				A1B583DF1B33034900AD41D9 /* Sources */,
				A1B583E01B33034900AD41D9 /* Frameworks */,
				A1B583E11B33034900AD41D9 /* Resources */,
			);
			buildRules = (
			);
			dependencies = (
				A126FAF31B43AC89009BE576 /* PBXTargetDependency */,
			);
			name = MP2;
			productName = MP2;
			productReference = A1B583E31B33034900AD41D9 /* MP2.app */;
			productType = "com.apple.product-type.application";
		};
		A1B583F71B33034900AD41D9 /* MP2Tests */ = {
			isa = PBXNativeTarget;
			buildConfigurationList = A1B584051B33034900AD41D9 /* Build configuration list for PBXNativeTarget "MP2Tests" */;
			buildPhases = (
				A1B583F41B33034900AD41D9 /* Sources */,
				A1B583F51B33034900AD41D9 /* Frameworks */,
				A1B583F61B33034900AD41D9 /* Resources */,
			);
			buildRules = (
			);
			dependencies = (
				A1B583FA1B33034900AD41D9 /* PBXTargetDependency */,
			);
			name = MP2Tests;
			productName = MP2Tests;
			productReference = A1B583F81B33034900AD41D9 /* MP2Tests.xctest */;
			productType = "com.apple.product-type.bundle.unit-test";
		};
/* End PBXNativeTarget section */

/* Begin PBXProject section */
		A1B583DB1B33034900AD41D9 /* Project object */ = {
			isa = PBXProject;
			attributes = {
				LastUpgradeCheck = 0630;
				ORGANIZATIONNAME = JYLabs;
				TargetAttributes = {
					A1B583E21B33034900AD41D9 = {
						CreatedOnToolsVersion = 6.3.2;
						SystemCapabilities = {
							com.apple.BackgroundModes = {
								enabled = 1;
							};
						};
					};
					A1B583F71B33034900AD41D9 = {
						CreatedOnToolsVersion = 6.3.2;
						TestTargetID = A1B583E21B33034900AD41D9;
					};
				};
			};
			buildConfigurationList = A1B583DE1B33034900AD41D9 /* Build configuration list for PBXProject "MP2" */;
			compatibilityVersion = "Xcode 3.2";
			developmentRegion = English;
			hasScannedForEncodings = 0;
			knownRegions = (
				en,
				Base,
			);
			mainGroup = A1B583DA1B33034900AD41D9;
			productRefGroup = A1B583E41B33034900AD41D9 /* Products */;
			projectDirPath = "";
			projectReferences = (
				{
					ProductGroup = A126FAE41B43AC7F009BE576 /* Products */;
					ProjectRef = A126FAE31B43AC7F009BE576 /* Alamofire.xcodeproj */;
				},
			);
			projectRoot = "";
			targets = (
				A1B583E21B33034900AD41D9 /* MP2 */,
				A1B583F71B33034900AD41D9 /* MP2Tests */,
			);
		};
/* End PBXProject section */

/* Begin PBXReferenceProxy section */
		A126FAEB1B43AC7F009BE576 /* Alamofire.framework */ = {
			isa = PBXReferenceProxy;
			fileType = wrapper.framework;
			path = Alamofire.framework;
			remoteRef = A126FAEA1B43AC7F009BE576 /* PBXContainerItemProxy */;
			sourceTree = BUILT_PRODUCTS_DIR;
		};
		A126FAED1B43AC7F009BE576 /* Alamofire.framework */ = {
			isa = PBXReferenceProxy;
			fileType = wrapper.framework;
			path = Alamofire.framework;
			remoteRef = A126FAEC1B43AC7F009BE576 /* PBXContainerItemProxy */;
			sourceTree = BUILT_PRODUCTS_DIR;
		};
		A126FAEF1B43AC7F009BE576 /* Alamofire iOS Tests.xctest */ = {
			isa = PBXReferenceProxy;
			fileType = wrapper.cfbundle;
			path = "Alamofire iOS Tests.xctest";
			remoteRef = A126FAEE1B43AC7F009BE576 /* PBXContainerItemProxy */;
			sourceTree = BUILT_PRODUCTS_DIR;
		};
		A126FAF11B43AC7F009BE576 /* Alamofire OSX Tests.xctest */ = {
			isa = PBXReferenceProxy;
			fileType = wrapper.cfbundle;
			path = "Alamofire OSX Tests.xctest";
			remoteRef = A126FAF01B43AC7F009BE576 /* PBXContainerItemProxy */;
			sourceTree = BUILT_PRODUCTS_DIR;
		};
/* End PBXReferenceProxy section */

/* Begin PBXResourcesBuildPhase section */
		A1B583E11B33034900AD41D9 /* Resources */ = {
			isa = PBXResourcesBuildPhase;
			buildActionMask = 2147483647;
			files = (
				A1B584201B33331200AD41D9 /* resource in Resources */,
				A1B583EE1B33034900AD41D9 /* Main.storyboard in Resources */,
				A1B583F31B33034900AD41D9 /* LaunchScreen.xib in Resources */,
				A1B583F01B33034900AD41D9 /* Images.xcassets in Resources */,
			);
			runOnlyForDeploymentPostprocessing = 0;
		};
		A1B583F61B33034900AD41D9 /* Resources */ = {
			isa = PBXResourcesBuildPhase;
			buildActionMask = 2147483647;
			files = (
			);
			runOnlyForDeploymentPostprocessing = 0;
		};
/* End PBXResourcesBuildPhase section */

/* Begin PBXSourcesBuildPhase section */
		A1B583DF1B33034900AD41D9 /* Sources */ = {
			isa = PBXSourcesBuildPhase;
			buildActionMask = 2147483647;
			files = (
				A1B5842C1B34557300AD41D9 /* NowPlayingInfoCenter.swift in Sources */,
				A126FB071B43C21F009BE576 /* DownloaderClasses.swift in Sources */,
				A1B583EB1B33034900AD41D9 /* ViewController.swift in Sources */,
				A1B584111B33045400AD41D9 /* StatusManager.swift in Sources */,
				A1B584221B33F26700AD41D9 /* ViewManager.swift in Sources */,
				A1B584171B3307A200AD41D9 /* Status.swift in Sources */,
				A1B5840A1B3303F200AD41D9 /* swiftyJSON.swift in Sources */,
				A1B583E91B33034900AD41D9 /* AppDelegate.swift in Sources */,
				A1B584141B3305B800AD41D9 /* Server.swift in Sources */,
				A1B5841A1B332A1400AD41D9 /* PlayerManager.swift in Sources */,
				A1B5841D1B332E9900AD41D9 /* Player.swift in Sources */,
				A1B5840D1B33041700AD41D9 /* Model.swift in Sources */,
				A126FB0D1B468EBE009BE576 /* IJReachability.swift in Sources */,
				A1B5842F1B3480EC00AD41D9 /* Operation.swift in Sources */,
				A126FB041B43C203009BE576 /* DownloaderProtocols.swift in Sources */,
			);
			runOnlyForDeploymentPostprocessing = 0;
		};
		A1B583F41B33034900AD41D9 /* Sources */ = {
			isa = PBXSourcesBuildPhase;
			buildActionMask = 2147483647;
			files = (
				A1B584301B3480EC00AD41D9 /* Operation.swift in Sources */,
				A1B584151B3305B800AD41D9 /* Server.swift in Sources */,
				A1B583FF1B33034900AD41D9 /* MP2Tests.swift in Sources */,
				A1B5840E1B33041700AD41D9 /* Model.swift in Sources */,
				A1B5841B1B332A1400AD41D9 /* PlayerManager.swift in Sources */,
				A1B5841E1B332E9900AD41D9 /* Player.swift in Sources */,
				A1B5842D1B34557300AD41D9 /* NowPlayingInfoCenter.swift in Sources */,
				A1B5840B1B3303F200AD41D9 /* swiftyJSON.swift in Sources */,
				A126FB051B43C203009BE576 /* DownloaderProtocols.swift in Sources */,
				A1B584121B33045400AD41D9 /* StatusManager.swift in Sources */,
				A1B584231B33F26700AD41D9 /* ViewManager.swift in Sources */,
				A1B584181B3307A200AD41D9 /* Status.swift in Sources */,
				A126FB081B43C21F009BE576 /* DownloaderClasses.swift in Sources */,
				A126FB0E1B468EBE009BE576 /* IJReachability.swift in Sources */,
			);
			runOnlyForDeploymentPostprocessing = 0;
		};
/* End PBXSourcesBuildPhase section */

/* Begin PBXTargetDependency section */
		A126FAF31B43AC89009BE576 /* PBXTargetDependency */ = {
			isa = PBXTargetDependency;
			name = "Alamofire iOS";
			targetProxy = A126FAF21B43AC89009BE576 /* PBXContainerItemProxy */;
		};
		A1B583FA1B33034900AD41D9 /* PBXTargetDependency */ = {
			isa = PBXTargetDependency;
			target = A1B583E21B33034900AD41D9 /* MP2 */;
			targetProxy = A1B583F91B33034900AD41D9 /* PBXContainerItemProxy */;
		};
/* End PBXTargetDependency section */

/* Begin PBXVariantGroup section */
		A1B583EC1B33034900AD41D9 /* Main.storyboard */ = {
			isa = PBXVariantGroup;
			children = (
				A1B583ED1B33034900AD41D9 /* Base */,
			);
			name = Main.storyboard;
			sourceTree = "<group>";
		};
		A1B583F11B33034900AD41D9 /* LaunchScreen.xib */ = {
			isa = PBXVariantGroup;
			children = (
				A1B583F21B33034900AD41D9 /* Base */,
			);
			name = LaunchScreen.xib;
			sourceTree = "<group>";
		};
/* End PBXVariantGroup section */

/* Begin XCBuildConfiguration section */
		A1B584001B33034900AD41D9 /* Debug */ = {
			isa = XCBuildConfiguration;
			buildSettings = {
				ALWAYS_SEARCH_USER_PATHS = NO;
				CLANG_CXX_LANGUAGE_STANDARD = "gnu++0x";
				CLANG_CXX_LIBRARY = "libc++";
				CLANG_ENABLE_MODULES = YES;
				CLANG_ENABLE_OBJC_ARC = YES;
				CLANG_WARN_BOOL_CONVERSION = YES;
				CLANG_WARN_CONSTANT_CONVERSION = YES;
				CLANG_WARN_DIRECT_OBJC_ISA_USAGE = YES_ERROR;
				CLANG_WARN_EMPTY_BODY = YES;
				CLANG_WARN_ENUM_CONVERSION = YES;
				CLANG_WARN_INT_CONVERSION = YES;
				CLANG_WARN_OBJC_ROOT_CLASS = YES_ERROR;
				CLANG_WARN_UNREACHABLE_CODE = YES;
				CLANG_WARN__DUPLICATE_METHOD_MATCH = YES;
				"CODE_SIGN_IDENTITY[sdk=iphoneos*]" = "iPhone Developer";
				COPY_PHASE_STRIP = NO;
				DEBUG_INFORMATION_FORMAT = "dwarf-with-dsym";
				ENABLE_STRICT_OBJC_MSGSEND = YES;
				GCC_C_LANGUAGE_STANDARD = gnu99;
				GCC_DYNAMIC_NO_PIC = NO;
				GCC_NO_COMMON_BLOCKS = YES;
				GCC_OPTIMIZATION_LEVEL = 0;
				GCC_PREPROCESSOR_DEFINITIONS = (
					"DEBUG=1",
					"$(inherited)",
				);
				GCC_SYMBOLS_PRIVATE_EXTERN = NO;
				GCC_WARN_64_TO_32_BIT_CONVERSION = YES;
				GCC_WARN_ABOUT_RETURN_TYPE = YES_ERROR;
				GCC_WARN_UNDECLARED_SELECTOR = YES;
				GCC_WARN_UNINITIALIZED_AUTOS = YES_AGGRESSIVE;
				GCC_WARN_UNUSED_FUNCTION = YES;
				GCC_WARN_UNUSED_VARIABLE = YES;
				IPHONEOS_DEPLOYMENT_TARGET = 8.0;
				MTL_ENABLE_DEBUG_INFO = YES;
				ONLY_ACTIVE_ARCH = YES;
				SDKROOT = iphoneos;
				SWIFT_OPTIMIZATION_LEVEL = "-Onone";
			};
			name = Debug;
		};
		A1B584011B33034900AD41D9 /* Release */ = {
			isa = XCBuildConfiguration;
			buildSettings = {
				ALWAYS_SEARCH_USER_PATHS = NO;
				CLANG_CXX_LANGUAGE_STANDARD = "gnu++0x";
				CLANG_CXX_LIBRARY = "libc++";
				CLANG_ENABLE_MODULES = YES;
				CLANG_ENABLE_OBJC_ARC = YES;
				CLANG_WARN_BOOL_CONVERSION = YES;
				CLANG_WARN_CONSTANT_CONVERSION = YES;
				CLANG_WARN_DIRECT_OBJC_ISA_USAGE = YES_ERROR;
				CLANG_WARN_EMPTY_BODY = YES;
				CLANG_WARN_ENUM_CONVERSION = YES;
				CLANG_WARN_INT_CONVERSION = YES;
				CLANG_WARN_OBJC_ROOT_CLASS = YES_ERROR;
				CLANG_WARN_UNREACHABLE_CODE = YES;
				CLANG_WARN__DUPLICATE_METHOD_MATCH = YES;
				"CODE_SIGN_IDENTITY[sdk=iphoneos*]" = "iPhone Developer";
				COPY_PHASE_STRIP = NO;
				DEBUG_INFORMATION_FORMAT = "dwarf-with-dsym";
				ENABLE_NS_ASSERTIONS = NO;
				ENABLE_STRICT_OBJC_MSGSEND = YES;
				GCC_C_LANGUAGE_STANDARD = gnu99;
				GCC_NO_COMMON_BLOCKS = YES;
				GCC_WARN_64_TO_32_BIT_CONVERSION = YES;
				GCC_WARN_ABOUT_RETURN_TYPE = YES_ERROR;
				GCC_WARN_UNDECLARED_SELECTOR = YES;
				GCC_WARN_UNINITIALIZED_AUTOS = YES_AGGRESSIVE;
				GCC_WARN_UNUSED_FUNCTION = YES;
				GCC_WARN_UNUSED_VARIABLE = YES;
				IPHONEOS_DEPLOYMENT_TARGET = 8.0;
				MTL_ENABLE_DEBUG_INFO = NO;
				SDKROOT = iphoneos;
				VALIDATE_PRODUCT = YES;
			};
			name = Release;
		};
		A1B584031B33034900AD41D9 /* Debug */ = {
			isa = XCBuildConfiguration;
			buildSettings = {
				ASSETCATALOG_COMPILER_APPICON_NAME = AppIcon;
				INFOPLIST_FILE = MP2/Info.plist;
				IPHONEOS_DEPLOYMENT_TARGET = 7.0;
				LD_RUNPATH_SEARCH_PATHS = "$(inherited) @executable_path/Frameworks";
				PRODUCT_NAME = "$(TARGET_NAME)";
			};
			name = Debug;
		};
		A1B584041B33034900AD41D9 /* Release */ = {
			isa = XCBuildConfiguration;
			buildSettings = {
				ASSETCATALOG_COMPILER_APPICON_NAME = AppIcon;
				INFOPLIST_FILE = MP2/Info.plist;
				IPHONEOS_DEPLOYMENT_TARGET = 7.0;
				LD_RUNPATH_SEARCH_PATHS = "$(inherited) @executable_path/Frameworks";
				PRODUCT_NAME = "$(TARGET_NAME)";
			};
			name = Release;
		};
		A1B584061B33034900AD41D9 /* Debug */ = {
			isa = XCBuildConfiguration;
			buildSettings = {
				BUNDLE_LOADER = "$(TEST_HOST)";
				FRAMEWORK_SEARCH_PATHS = (
					"$(SDKROOT)/Developer/Library/Frameworks",
					"$(inherited)",
				);
				GCC_PREPROCESSOR_DEFINITIONS = (
					"DEBUG=1",
					"$(inherited)",
				);
				INFOPLIST_FILE = MP2Tests/Info.plist;
				LD_RUNPATH_SEARCH_PATHS = "$(inherited) @executable_path/Frameworks @loader_path/Frameworks";
				PRODUCT_NAME = "$(TARGET_NAME)";
				TEST_HOST = "$(BUILT_PRODUCTS_DIR)/MP2.app/MP2";
			};
			name = Debug;
		};
		A1B584071B33034900AD41D9 /* Release */ = {
			isa = XCBuildConfiguration;
			buildSettings = {
				BUNDLE_LOADER = "$(TEST_HOST)";
				FRAMEWORK_SEARCH_PATHS = (
					"$(SDKROOT)/Developer/Library/Frameworks",
					"$(inherited)",
				);
				INFOPLIST_FILE = MP2Tests/Info.plist;
				LD_RUNPATH_SEARCH_PATHS = "$(inherited) @executable_path/Frameworks @loader_path/Frameworks";
				PRODUCT_NAME = "$(TARGET_NAME)";
				TEST_HOST = "$(BUILT_PRODUCTS_DIR)/MP2.app/MP2";
			};
			name = Release;
		};
/* End XCBuildConfiguration section */

/* Begin XCConfigurationList section */
		A1B583DE1B33034900AD41D9 /* Build configuration list for PBXProject "MP2" */ = {
			isa = XCConfigurationList;
			buildConfigurations = (
				A1B584001B33034900AD41D9 /* Debug */,
				A1B584011B33034900AD41D9 /* Release */,
			);
			defaultConfigurationIsVisible = 0;
			defaultConfigurationName = Release;
		};
		A1B584021B33034900AD41D9 /* Build configuration list for PBXNativeTarget "MP2" */ = {
			isa = XCConfigurationList;
			buildConfigurations = (
				A1B584031B33034900AD41D9 /* Debug */,
				A1B584041B33034900AD41D9 /* Release */,
			);
			defaultConfigurationIsVisible = 0;
			defaultConfigurationName = Release;
		};
		A1B584051B33034900AD41D9 /* Build configuration list for PBXNativeTarget "MP2Tests" */ = {
			isa = XCConfigurationList;
			buildConfigurations = (
				A1B584061B33034900AD41D9 /* Debug */,
				A1B584071B33034900AD41D9 /* Release */,
			);
			defaultConfigurationIsVisible = 0;
			defaultConfigurationName = Release;
		};
/* End XCConfigurationList section */
	};
	rootObject = A1B583DB1B33034900AD41D9 /* Project object */;
}
